// !$*UTF8*$!
{
	archiveVersion = 1;
	classes = {
	};
	objectVersion = 46;
	objects = {

/* Begin PBXBuildFile section */
		3CA5ED8C1D33108E0098F0FA /* OpenGL.framework in Frameworks */ = {isa = PBXBuildFile; fileRef = 3CA5ED8B1D33108E0098F0FA /* OpenGL.framework */; };
		3CA5ED8E1D3310FD0098F0FA /* libGLEW.1.13.0.dylib in Frameworks */ = {isa = PBXBuildFile; fileRef = 3CA5ED8D1D3310FD0098F0FA /* libGLEW.1.13.0.dylib */; };
		3CA5ED901D3311120098F0FA /* libglfw3.3.1.dylib in Frameworks */ = {isa = PBXBuildFile; fileRef = 3CA5ED8F1D3311120098F0FA /* libglfw3.3.1.dylib */; };
		3CC2AFD71D3B36060003005B /* osxSetup.cpp in Sources */ = {isa = PBXBuildFile; fileRef = 3CC2AFD61D3B36060003005B /* osxSetup.cpp */; };
		3CC2AFEC1D3B3E010003005B /* CMatrix.cpp in Sources */ = {isa = PBXBuildFile; fileRef = 3CC2AFE51D3B3E010003005B /* CMatrix.cpp */; };
		3CC2AFED1D3B3E010003005B /* CQuaternion.cpp in Sources */ = {isa = PBXBuildFile; fileRef = 3CC2AFE81D3B3E010003005B /* CQuaternion.cpp */; };
		3CC2AFEE1D3B3E010003005B /* CVector.cpp in Sources */ = {isa = PBXBuildFile; fileRef = 3CC2AFEA1D3B3E010003005B /* CVector.cpp */; };
		3CC2AFF11D3B3E2B0003005B /* defines.cpp in Sources */ = {isa = PBXBuildFile; fileRef = 3CC2AFEF1D3B3E2B0003005B /* defines.cpp */; };
		3CC2AFF41D3B3F1D0003005B /* Random.cpp in Sources */ = {isa = PBXBuildFile; fileRef = 3CC2AFF21D3B3F1D0003005B /* Random.cpp */; };
/* End PBXBuildFile section */

/* Begin PBXCopyFilesBuildPhase section */
		3C6E0DBE1D330F060066B870 /* CopyFiles */ = {
			isa = PBXCopyFilesBuildPhase;
			buildActionMask = 2147483647;
			dstPath = /usr/share/man/man1/;
			dstSubfolderSpec = 0;
			files = (
			);
			runOnlyForDeploymentPostprocessing = 1;
		};
/* End PBXCopyFilesBuildPhase section */

/* Begin PBXFileReference section */
		3C6E0DC01D330F060066B870 /* Ozcan vs Nebulus and the Towergoround */ = {isa = PBXFileReference; explicitFileType = "compiled.mach-o.executable"; includeInIndex = 0; path = "Ozcan vs Nebulus and the Towergoround"; sourceTree = BUILT_PRODUCTS_DIR; };
		3CA5ED8B1D33108E0098F0FA /* OpenGL.framework */ = {isa = PBXFileReference; lastKnownFileType = wrapper.framework; name = OpenGL.framework; path = System/Library/Frameworks/OpenGL.framework; sourceTree = SDKROOT; };
		3CA5ED8D1D3310FD0098F0FA /* libGLEW.1.13.0.dylib */ = {isa = PBXFileReference; lastKnownFileType = "compiled.mach-o.dylib"; name = libGLEW.1.13.0.dylib; path = ../../../../../usr/local/Cellar/glew/1.13.0/lib/libGLEW.1.13.0.dylib; sourceTree = "<group>"; };
		3CA5ED8F1D3311120098F0FA /* libglfw3.3.1.dylib */ = {isa = PBXFileReference; lastKnownFileType = "compiled.mach-o.dylib"; name = libglfw3.3.1.dylib; path = ../../../../../usr/local/Cellar/glfw3/3.1.2/lib/libglfw3.3.1.dylib; sourceTree = "<group>"; };
		3CC2AFD61D3B36060003005B /* osxSetup.cpp */ = {isa = PBXFileReference; fileEncoding = 4; lastKnownFileType = sourcecode.cpp.cpp; name = osxSetup.cpp; path = code/PlatformSetUp/OSX/osxSetup.cpp; sourceTree = SOURCE_ROOT; };
		3CC2AFD91D3B369E0003005B /* SoundsEnum.h */ = {isa = PBXFileReference; fileEncoding = 4; lastKnownFileType = sourcecode.c.h; name = SoundsEnum.h; path = code/Audio/SoundsEnum.h; sourceTree = "<group>"; };
		3CC2AFDD1D3B38250003005B /* main.h */ = {isa = PBXFileReference; fileEncoding = 4; lastKnownFileType = sourcecode.c.h; name = main.h; path = code/Game/main.h; sourceTree = "<group>"; };
		3CC2AFE01D3B3B360003005B /* OpenGLInclude.h */ = {isa = PBXFileReference; fileEncoding = 4; lastKnownFileType = sourcecode.c.h; name = OpenGLInclude.h; path = code/Rendering/OpenGLInclude.h; sourceTree = "<group>"; };
		3CC2AFE11D3B3C200003005B /* CSpriteEngine.h */ = {isa = PBXFileReference; fileEncoding = 4; lastKnownFileType = sourcecode.c.h; name = CSpriteEngine.h; path = code/Game/CSpriteEngine.h; sourceTree = "<group>"; };
		3CC2AFE21D3B3D680003005B /* CModel.h */ = {isa = PBXFileReference; fileEncoding = 4; lastKnownFileType = sourcecode.c.h; name = CModel.h; path = code/Rendering/CModel.h; sourceTree = "<group>"; };
		3CC2AFE41D3B3E010003005B /* CBox.h */ = {isa = PBXFileReference; fileEncoding = 4; lastKnownFileType = sourcecode.c.h; name = CBox.h; path = code/Math/CBox.h; sourceTree = "<group>"; };
		3CC2AFE51D3B3E010003005B /* CMatrix.cpp */ = {isa = PBXFileReference; fileEncoding = 4; lastKnownFileType = sourcecode.cpp.cpp; name = CMatrix.cpp; path = code/Math/CMatrix.cpp; sourceTree = "<group>"; };
		3CC2AFE61D3B3E010003005B /* CMatrix.h */ = {isa = PBXFileReference; fileEncoding = 4; lastKnownFileType = sourcecode.c.h; name = CMatrix.h; path = code/Math/CMatrix.h; sourceTree = "<group>"; };
		3CC2AFE71D3B3E010003005B /* CPlane.h */ = {isa = PBXFileReference; fileEncoding = 4; lastKnownFileType = sourcecode.c.h; name = CPlane.h; path = code/Math/CPlane.h; sourceTree = "<group>"; };
		3CC2AFE81D3B3E010003005B /* CQuaternion.cpp */ = {isa = PBXFileReference; fileEncoding = 4; lastKnownFileType = sourcecode.cpp.cpp; name = CQuaternion.cpp; path = code/Math/CQuaternion.cpp; sourceTree = "<group>"; };
		3CC2AFE91D3B3E010003005B /* CQuaternion.h */ = {isa = PBXFileReference; fileEncoding = 4; lastKnownFileType = sourcecode.c.h; name = CQuaternion.h; path = code/Math/CQuaternion.h; sourceTree = "<group>"; };
		3CC2AFEA1D3B3E010003005B /* CVector.cpp */ = {isa = PBXFileReference; fileEncoding = 4; lastKnownFileType = sourcecode.cpp.cpp; name = CVector.cpp; path = code/Math/CVector.cpp; sourceTree = "<group>"; };
		3CC2AFEB1D3B3E010003005B /* CVector.h */ = {isa = PBXFileReference; fileEncoding = 4; lastKnownFileType = sourcecode.c.h; name = CVector.h; path = code/Math/CVector.h; sourceTree = "<group>"; };
		3CC2AFEF1D3B3E2B0003005B /* defines.cpp */ = {isa = PBXFileReference; fileEncoding = 4; lastKnownFileType = sourcecode.cpp.cpp; name = defines.cpp; path = code/Game/defines.cpp; sourceTree = "<group>"; };
		3CC2AFF01D3B3E2B0003005B /* defines.h */ = {isa = PBXFileReference; fileEncoding = 4; lastKnownFileType = sourcecode.c.h; name = defines.h; path = code/Game/defines.h; sourceTree = "<group>"; };
		3CC2AFF21D3B3F1D0003005B /* Random.cpp */ = {isa = PBXFileReference; fileEncoding = 4; lastKnownFileType = sourcecode.cpp.cpp; name = Random.cpp; path = code/Game/Random.cpp; sourceTree = "<group>"; };
		3CC2AFF31D3B3F1D0003005B /* Random.h */ = {isa = PBXFileReference; fileEncoding = 4; lastKnownFileType = sourcecode.c.h; name = Random.h; path = code/Game/Random.h; sourceTree = "<group>"; };
/* End PBXFileReference section */

/* Begin PBXFrameworksBuildPhase section */
		3C6E0DBD1D330F060066B870 /* Frameworks */ = {
			isa = PBXFrameworksBuildPhase;
			buildActionMask = 2147483647;
			files = (
				3CA5ED901D3311120098F0FA /* libglfw3.3.1.dylib in Frameworks */,
				3CA5ED8E1D3310FD0098F0FA /* libGLEW.1.13.0.dylib in Frameworks */,
				3CA5ED8C1D33108E0098F0FA /* OpenGL.framework in Frameworks */,
			);
			runOnlyForDeploymentPostprocessing = 0;
		};
/* End PBXFrameworksBuildPhase section */

/* Begin PBXGroup section */
		3C6E0DB71D330F060066B870 = {
			isa = PBXGroup;
			children = (
				3CC2AFE31D3B3DE60003005B /* Math */,
				3CC2AFDE1D3B3AB00003005B /* Rendering */,
				3CC2AFDA1D3B37FA0003005B /* Game */,
				3CC2AFD81D3B365A0003005B /* Audio */,
				3CA5ED8F1D3311120098F0FA /* libglfw3.3.1.dylib */,
				3CA5ED8D1D3310FD0098F0FA /* libGLEW.1.13.0.dylib */,
				3CA5ED8B1D33108E0098F0FA /* OpenGL.framework */,
				3C6E0DC21D330F060066B870 /* PlatformSetup */,
				3C6E0DC11D330F060066B870 /* Products */,
			);
			sourceTree = "<group>";
		};
		3C6E0DC11D330F060066B870 /* Products */ = {
			isa = PBXGroup;
			children = (
				3C6E0DC01D330F060066B870 /* Ozcan vs Nebulus and the Towergoround */,
			);
			name = Products;
			sourceTree = "<group>";
		};
		3C6E0DC21D330F060066B870 /* PlatformSetup */ = {
			isa = PBXGroup;
			children = (
				3CC2AFD31D3B34FF0003005B /* OSX */,
			);
			name = PlatformSetup;
			path = "Ozcan vs Nebulus and the Towergoround";
			sourceTree = "<group>";
		};
		3CC2AFD31D3B34FF0003005B /* OSX */ = {
			isa = PBXGroup;
			children = (
				3CC2AFD61D3B36060003005B /* osxSetup.cpp */,
			);
			name = OSX;
			sourceTree = "<group>";
		};
		3CC2AFD81D3B365A0003005B /* Audio */ = {
			isa = PBXGroup;
			children = (
				3CC2AFD91D3B369E0003005B /* SoundsEnum.h */,
			);
			name = Audio;
			sourceTree = "<group>";
		};
		3CC2AFDA1D3B37FA0003005B /* Game */ = {
			isa = PBXGroup;
			children = (
				3CC2AFF21D3B3F1D0003005B /* Random.cpp */,
				3CC2AFF31D3B3F1D0003005B /* Random.h */,
				3CC2AFEF1D3B3E2B0003005B /* defines.cpp */,
				3CC2AFF01D3B3E2B0003005B /* defines.h */,
				3CC2AFE11D3B3C200003005B /* CSpriteEngine.h */,
				3CC2AFDD1D3B38250003005B /* main.h */,
			);
			name = Game;
			sourceTree = "<group>";
		};
		3CC2AFDE1D3B3AB00003005B /* Rendering */ = {
			isa = PBXGroup;
			children = (
				3CC2AFE21D3B3D680003005B /* CModel.h */,
				3CC2AFE01D3B3B360003005B /* OpenGLInclude.h */,
			);
			name = Rendering;
			sourceTree = "<group>";
		};
		3CC2AFE31D3B3DE60003005B /* Math */ = {
			isa = PBXGroup;
			children = (
				3CC2AFE41D3B3E010003005B /* CBox.h */,
				3CC2AFE51D3B3E010003005B /* CMatrix.cpp */,
				3CC2AFE61D3B3E010003005B /* CMatrix.h */,
				3CC2AFE71D3B3E010003005B /* CPlane.h */,
				3CC2AFE81D3B3E010003005B /* CQuaternion.cpp */,
				3CC2AFE91D3B3E010003005B /* CQuaternion.h */,
				3CC2AFEA1D3B3E010003005B /* CVector.cpp */,
				3CC2AFEB1D3B3E010003005B /* CVector.h */,
			);
			name = Math;
			sourceTree = "<group>";
		};
/* End PBXGroup section */

/* Begin PBXNativeTarget section */
		3C6E0DBF1D330F060066B870 /* Ozcan vs Nebulus and the Towergoround */ = {
			isa = PBXNativeTarget;
			buildConfigurationList = 3C6E0DC71D330F060066B870 /* Build configuration list for PBXNativeTarget "Ozcan vs Nebulus and the Towergoround" */;
			buildPhases = (
				3C6E0DBC1D330F060066B870 /* Sources */,
				3C6E0DBD1D330F060066B870 /* Frameworks */,
				3C6E0DBE1D330F060066B870 /* CopyFiles */,
			);
			buildRules = (
			);
			dependencies = (
			);
			name = "Ozcan vs Nebulus and the Towergoround";
			productName = "Ozcan vs Nebulus and the Towergoround";
			productReference = 3C6E0DC01D330F060066B870 /* Ozcan vs Nebulus and the Towergoround */;
			productType = "com.apple.product-type.tool";
		};
/* End PBXNativeTarget section */

/* Begin PBXProject section */
		3C6E0DB81D330F060066B870 /* Project object */ = {
			isa = PBXProject;
			attributes = {
				LastUpgradeCheck = 0730;
				ORGANIZATIONNAME = "Benjamin Nickson";
				TargetAttributes = {
					3C6E0DBF1D330F060066B870 = {
						CreatedOnToolsVersion = 7.3.1;
					};
				};
			};
			buildConfigurationList = 3C6E0DBB1D330F060066B870 /* Build configuration list for PBXProject "Ozcan vs Nebulus and the Towergoround" */;
			compatibilityVersion = "Xcode 3.2";
			developmentRegion = English;
			hasScannedForEncodings = 0;
			knownRegions = (
				en,
			);
			mainGroup = 3C6E0DB71D330F060066B870;
			productRefGroup = 3C6E0DC11D330F060066B870 /* Products */;
			projectDirPath = "";
			projectRoot = "";
			targets = (
				3C6E0DBF1D330F060066B870 /* Ozcan vs Nebulus and the Towergoround */,
			);
		};
/* End PBXProject section */

/* Begin PBXSourcesBuildPhase section */
		3C6E0DBC1D330F060066B870 /* Sources */ = {
			isa = PBXSourcesBuildPhase;
			buildActionMask = 2147483647;
			files = (
				3CC2AFF41D3B3F1D0003005B /* Random.cpp in Sources */,
				3CC2AFF11D3B3E2B0003005B /* defines.cpp in Sources */,
				3CC2AFED1D3B3E010003005B /* CQuaternion.cpp in Sources */,
				3CC2AFEC1D3B3E010003005B /* CMatrix.cpp in Sources */,
				3CC2AFEE1D3B3E010003005B /* CVector.cpp in Sources */,
				3CC2AFD71D3B36060003005B /* osxSetup.cpp in Sources */,
			);
			runOnlyForDeploymentPostprocessing = 0;
		};
/* End PBXSourcesBuildPhase section */

/* Begin XCBuildConfiguration section */
		3C6E0DC51D330F060066B870 /* Debug */ = {
			isa = XCBuildConfiguration;
			buildSettings = {
				ALWAYS_SEARCH_USER_PATHS = NO;
				CLANG_ANALYZER_NONNULL = YES;
				CLANG_CXX_LANGUAGE_STANDARD = "gnu++0x";
				CLANG_CXX_LIBRARY = "libc++";
				CLANG_ENABLE_MODULES = YES;
				CLANG_ENABLE_OBJC_ARC = YES;
				CLANG_WARN_BOOL_CONVERSION = YES;
				CLANG_WARN_CONSTANT_CONVERSION = YES;
				CLANG_WARN_DIRECT_OBJC_ISA_USAGE = YES_ERROR;
				CLANG_WARN_EMPTY_BODY = YES;
				CLANG_WARN_ENUM_CONVERSION = YES;
				CLANG_WARN_INT_CONVERSION = YES;
				CLANG_WARN_OBJC_ROOT_CLASS = YES_ERROR;
				CLANG_WARN_UNREACHABLE_CODE = YES;
				CLANG_WARN__DUPLICATE_METHOD_MATCH = YES;
				CODE_SIGN_IDENTITY = "-";
				COPY_PHASE_STRIP = NO;
				DEBUG_INFORMATION_FORMAT = dwarf;
				ENABLE_STRICT_OBJC_MSGSEND = YES;
				ENABLE_TESTABILITY = YES;
				GCC_C_LANGUAGE_STANDARD = gnu99;
				GCC_DYNAMIC_NO_PIC = NO;
				GCC_NO_COMMON_BLOCKS = YES;
				GCC_OPTIMIZATION_LEVEL = 0;
				GCC_PREPROCESSOR_DEFINITIONS = (
					"DEBUG=1",
					"$(inherited)",
					OSX,
				);
				GCC_WARN_64_TO_32_BIT_CONVERSION = YES;
				GCC_WARN_ABOUT_RETURN_TYPE = YES_ERROR;
				GCC_WARN_UNDECLARED_SELECTOR = YES;
				GCC_WARN_UNINITIALIZED_AUTOS = YES_AGGRESSIVE;
				GCC_WARN_UNUSED_FUNCTION = YES;
				GCC_WARN_UNUSED_VARIABLE = YES;
				MACOSX_DEPLOYMENT_TARGET = 10.11;
				MTL_ENABLE_DEBUG_INFO = YES;
				ONLY_ACTIVE_ARCH = YES;
				SDKROOT = macosx;
			};
			name = Debug;
		};
		3C6E0DC61D330F060066B870 /* Release */ = {
			isa = XCBuildConfiguration;
			buildSettings = {
				ALWAYS_SEARCH_USER_PATHS = NO;
				CLANG_ANALYZER_NONNULL = YES;
				CLANG_CXX_LANGUAGE_STANDARD = "gnu++0x";
				CLANG_CXX_LIBRARY = "libc++";
				CLANG_ENABLE_MODULES = YES;
				CLANG_ENABLE_OBJC_ARC = YES;
				CLANG_WARN_BOOL_CONVERSION = YES;
				CLANG_WARN_CONSTANT_CONVERSION = YES;
				CLANG_WARN_DIRECT_OBJC_ISA_USAGE = YES_ERROR;
				CLANG_WARN_EMPTY_BODY = YES;
				CLANG_WARN_ENUM_CONVERSION = YES;
				CLANG_WARN_INT_CONVERSION = YES;
				CLANG_WARN_OBJC_ROOT_CLASS = YES_ERROR;
				CLANG_WARN_UNREACHABLE_CODE = YES;
				CLANG_WARN__DUPLICATE_METHOD_MATCH = YES;
				CODE_SIGN_IDENTITY = "-";
				COPY_PHASE_STRIP = NO;
				DEBUG_INFORMATION_FORMAT = "dwarf-with-dsym";
				ENABLE_NS_ASSERTIONS = NO;
				ENABLE_STRICT_OBJC_MSGSEND = YES;
				GCC_C_LANGUAGE_STANDARD = gnu99;
				GCC_NO_COMMON_BLOCKS = YES;
				GCC_PREPROCESSOR_DEFINITIONS = OSX;
				GCC_WARN_64_TO_32_BIT_CONVERSION = YES;
				GCC_WARN_ABOUT_RETURN_TYPE = YES_ERROR;
				GCC_WARN_UNDECLARED_SELECTOR = YES;
				GCC_WARN_UNINITIALIZED_AUTOS = YES_AGGRESSIVE;
				GCC_WARN_UNUSED_FUNCTION = YES;
				GCC_WARN_UNUSED_VARIABLE = YES;
				MACOSX_DEPLOYMENT_TARGET = 10.11;
				MTL_ENABLE_DEBUG_INFO = NO;
				SDKROOT = macosx;
			};
			name = Release;
		};
		3C6E0DC81D330F060066B870 /* Debug */ = {
			isa = XCBuildConfiguration;
			buildSettings = {
				HEADER_SEARCH_PATHS = (
					/usr/local/include,
					/Users/benjaminnickson/Documents/Ozcan/Ozcan_vs_Nebulus_and_the_Towergoround/code,
				);
				LIBRARY_SEARCH_PATHS = (
					"$(inherited)",
					/usr/local/Cellar/glew/1.13.0/lib,
					/usr/local/Cellar/glfw3/3.1.2/lib,
				);
				PRODUCT_NAME = "$(TARGET_NAME)";
			};
			name = Debug;
		};
		3C6E0DC91D330F060066B870 /* Release */ = {
			isa = XCBuildConfiguration;
			buildSettings = {
				HEADER_SEARCH_PATHS = (
					/usr/local/include,
					/Users/benjaminnickson/Documents/Ozcan/Ozcan_vs_Nebulus_and_the_Towergoround/code,
				);
				LIBRARY_SEARCH_PATHS = (
					"$(inherited)",
					/usr/local/Cellar/glew/1.13.0/lib,
					/usr/local/Cellar/glfw3/3.1.2/lib,
				);
				PRODUCT_NAME = "$(TARGET_NAME)";
			};
			name = Release;
		};
/* End XCBuildConfiguration section */

/* Begin XCConfigurationList section */
		3C6E0DBB1D330F060066B870 /* Build configuration list for PBXProject "Ozcan vs Nebulus and the Towergoround" */ = {
			isa = XCConfigurationList;
			buildConfigurations = (
				3C6E0DC51D330F060066B870 /* Debug */,
				3C6E0DC61D330F060066B870 /* Release */,
			);
			defaultConfigurationIsVisible = 0;
			defaultConfigurationName = Release;
		};
		3C6E0DC71D330F060066B870 /* Build configuration list for PBXNativeTarget "Ozcan vs Nebulus and the Towergoround" */ = {
			isa = XCConfigurationList;
			buildConfigurations = (
				3C6E0DC81D330F060066B870 /* Debug */,
				3C6E0DC91D330F060066B870 /* Release */,
			);
			defaultConfigurationIsVisible = 0;
			defaultConfigurationName = Release;
		};
/* End XCConfigurationList section */
	};
	rootObject = 3C6E0DB81D330F060066B870 /* Project object */;
}
