// !$*UTF8*$!
{
	archiveVersion = 1;
	classes = {
	};
	objectVersion = 46;
	objects = {

/* Begin PBXBuildFile section */
		3CA5ED8C1D33108E0098F0FA /* OpenGL.framework in Frameworks */ = {isa = PBXBuildFile; fileRef = 3CA5ED8B1D33108E0098F0FA /* OpenGL.framework */; };
		3CA5ED8E1D3310FD0098F0FA /* libGLEW.1.13.0.dylib in Frameworks */ = {isa = PBXBuildFile; fileRef = 3CA5ED8D1D3310FD0098F0FA /* libGLEW.1.13.0.dylib */; };
		3CA5ED901D3311120098F0FA /* libglfw3.3.1.dylib in Frameworks */ = {isa = PBXBuildFile; fileRef = 3CA5ED8F1D3311120098F0FA /* libglfw3.3.1.dylib */; };
		3CB28EBA1D7D21B800A1CB1B /* SoundOSX.cpp in Sources */ = {isa = PBXBuildFile; fileRef = 3CB28EB81D7D21B800A1CB1B /* SoundOSX.cpp */; };
		3CB28EC31D7D237700A1CB1B /* CKeyMapOSX.cpp in Sources */ = {isa = PBXBuildFile; fileRef = 3CB28EC11D7D237700A1CB1B /* CKeyMapOSX.cpp */; };
		3CB28EC61D7D248F00A1CB1B /* ReplayManager.cpp in Sources */ = {isa = PBXBuildFile; fileRef = 3CB28EC41D7D248F00A1CB1B /* ReplayManager.cpp */; };
		3CB28ED21D7E6CD700A1CB1B /* CHighPrecisionTimerOSX.cpp in Sources */ = {isa = PBXBuildFile; fileRef = 3CB28ECE1D7E6CD700A1CB1B /* CHighPrecisionTimerOSX.cpp */; };
		3CB28ED31D7E6CD700A1CB1B /* CTimerOSX.cpp in Sources */ = {isa = PBXBuildFile; fileRef = 3CB28ED01D7E6CD700A1CB1B /* CTimerOSX.cpp */; };
		3CB28EDD1D7E708800A1CB1B /* DebugMenu.cpp in Sources */ = {isa = PBXBuildFile; fileRef = 3CB28ED91D7E708800A1CB1B /* DebugMenu.cpp */; };
		3CB28EDE1D7E708800A1CB1B /* DebugRendering.cpp in Sources */ = {isa = PBXBuildFile; fileRef = 3CB28EDB1D7E708800A1CB1B /* DebugRendering.cpp */; };
		3CB28EE11D7E70FF00A1CB1B /* DebugOSX.cpp in Sources */ = {isa = PBXBuildFile; fileRef = 3CB28EDF1D7E70FF00A1CB1B /* DebugOSX.cpp */; };
		3CB28EF21D8378F300A1CB1B /* CModel.cpp in Sources */ = {isa = PBXBuildFile; fileRef = 3CB28EE51D8378F300A1CB1B /* CModel.cpp */; };
		3CB28EF31D8378F300A1CB1B /* CModelLoader.cpp in Sources */ = {isa = PBXBuildFile; fileRef = 3CB28EE61D8378F300A1CB1B /* CModelLoader.cpp */; };
		3CB28EF41D8378F300A1CB1B /* CParticleSystem.cpp in Sources */ = {isa = PBXBuildFile; fileRef = 3CB28EE81D8378F300A1CB1B /* CParticleSystem.cpp */; };
		3CB28EF51D8378F300A1CB1B /* MatrixStack.cpp in Sources */ = {isa = PBXBuildFile; fileRef = 3CB28EEA1D8378F300A1CB1B /* MatrixStack.cpp */; };
		3CB28EF61D8378F300A1CB1B /* MeshBuffer.cpp in Sources */ = {isa = PBXBuildFile; fileRef = 3CB28EEC1D8378F300A1CB1B /* MeshBuffer.cpp */; };
		3CB28EF71D8378F300A1CB1B /* ShadowMapping.cpp in Sources */ = {isa = PBXBuildFile; fileRef = 3CB28EEE1D8378F300A1CB1B /* ShadowMapping.cpp */; };
		3CB28EF81D8378F300A1CB1B /* Text.cpp in Sources */ = {isa = PBXBuildFile; fileRef = 3CB28EF01D8378F300A1CB1B /* Text.cpp */; };
		3CB28EFB1D8385E000A1CB1B /* CLevel.cpp in Sources */ = {isa = PBXBuildFile; fileRef = 3CB28EF91D8385E000A1CB1B /* CLevel.cpp */; };
		3CB28EFF1D84D89E00A1CB1B /* GameTime.cpp in Sources */ = {isa = PBXBuildFile; fileRef = 3CB28EFD1D84D89E00A1CB1B /* GameTime.cpp */; };
		3CB28F1F1D84DADC00A1CB1B /* CameraActiveTypes.cpp in Sources */ = {isa = PBXBuildFile; fileRef = 3CB28F021D84DADC00A1CB1B /* CameraActiveTypes.cpp */; };
		3CB28F201D84DADC00A1CB1B /* CameraLerp.cpp in Sources */ = {isa = PBXBuildFile; fileRef = 3CB28F041D84DADC00A1CB1B /* CameraLerp.cpp */; };
		3CB28F211D84DADC00A1CB1B /* CameraLerpDistanceElevation.cpp in Sources */ = {isa = PBXBuildFile; fileRef = 3CB28F061D84DADC00A1CB1B /* CameraLerpDistanceElevation.cpp */; };
		3CB28F221D84DADC00A1CB1B /* CameraLinks.cpp in Sources */ = {isa = PBXBuildFile; fileRef = 3CB28F081D84DADC00A1CB1B /* CameraLinks.cpp */; };
		3CB28F231D84DADC00A1CB1B /* CameraPriorityTypes.cpp in Sources */ = {isa = PBXBuildFile; fileRef = 3CB28F0A1D84DADC00A1CB1B /* CameraPriorityTypes.cpp */; };
		3CB28F241D84DADC00A1CB1B /* CameraTransform.cpp in Sources */ = {isa = PBXBuildFile; fileRef = 3CB28F0C1D84DADC00A1CB1B /* CameraTransform.cpp */; };
		3CB28F251D84DADC00A1CB1B /* CameraTransition.cpp in Sources */ = {isa = PBXBuildFile; fileRef = 3CB28F0E1D84DADC00A1CB1B /* CameraTransition.cpp */; };
		3CB28F261D84DADC00A1CB1B /* CameraTransitionCollision.cpp in Sources */ = {isa = PBXBuildFile; fileRef = 3CB28F101D84DADC00A1CB1B /* CameraTransitionCollision.cpp */; };
		3CB28F271D84DADC00A1CB1B /* CamTypeCircleFollow.cpp in Sources */ = {isa = PBXBuildFile; fileRef = 3CB28F131D84DADC00A1CB1B /* CamTypeCircleFollow.cpp */; };
		3CB28F281D84DADC00A1CB1B /* CamTypeReplay.cpp in Sources */ = {isa = PBXBuildFile; fileRef = 3CB28F151D84DADC00A1CB1B /* CamTypeReplay.cpp */; };
		3CB28F291D84DADC00A1CB1B /* CamTypeTunnel.cpp in Sources */ = {isa = PBXBuildFile; fileRef = 3CB28F171D84DADC00A1CB1B /* CamTypeTunnel.cpp */; };
		3CB28F2A1D84DADC00A1CB1B /* CCamera.cpp in Sources */ = {isa = PBXBuildFile; fileRef = 3CB28F191D84DADC00A1CB1B /* CCamera.cpp */; };
		3CB28F2B1D84DADC00A1CB1B /* DebugCam.cpp in Sources */ = {isa = PBXBuildFile; fileRef = 3CB28F1B1D84DADC00A1CB1B /* DebugCam.cpp */; };
		3CB28F2C1D84DADC00A1CB1B /* EularLerp.cpp in Sources */ = {isa = PBXBuildFile; fileRef = 3CB28F1D1D84DADC00A1CB1B /* EularLerp.cpp */; };
		3CB28F2E1D84DBF000A1CB1B /* CScene.cpp in Sources */ = {isa = PBXBuildFile; fileRef = 3CB28F2D1D84DBF000A1CB1B /* CScene.cpp */; };
		3CB28F311DA9F1EF00A1CB1B /* CMenu.cpp in Sources */ = {isa = PBXBuildFile; fileRef = 3CB28F2F1DA9F1EF00A1CB1B /* CMenu.cpp */; };
		3CB28F331DA9F48000A1CB1B /* COctree.cpp in Sources */ = {isa = PBXBuildFile; fileRef = 3CB28F321DA9F48000A1CB1B /* COctree.cpp */; };
		3CB28F361DA9F79200A1CB1B /* intersections.cpp in Sources */ = {isa = PBXBuildFile; fileRef = 3CB28F341DA9F79200A1CB1B /* intersections.cpp */; };
		3CB28F391DA9F81A00A1CB1B /* CSprite.cpp in Sources */ = {isa = PBXBuildFile; fileRef = 3CB28F371DA9F81A00A1CB1B /* CSprite.cpp */; };
		3CB28F3C1DA9F86E00A1CB1B /* CFrustum.cpp in Sources */ = {isa = PBXBuildFile; fileRef = 3CB28F3A1DA9F86E00A1CB1B /* CFrustum.cpp */; };
		3CB28F3F1DA9F8C300A1CB1B /* CNebulus.cpp in Sources */ = {isa = PBXBuildFile; fileRef = 3CB28F3D1DA9F8C300A1CB1B /* CNebulus.cpp */; };
		3CB28F441DA9F93300A1CB1B /* CTowerSprite.cpp in Sources */ = {isa = PBXBuildFile; fileRef = 3CB28F401DA9F93300A1CB1B /* CTowerSprite.cpp */; };
		3CB28F451DA9F93300A1CB1B /* CTowerStep.cpp in Sources */ = {isa = PBXBuildFile; fileRef = 3CB28F421DA9F93300A1CB1B /* CTowerStep.cpp */; };
		3CB28F481DA9F95600A1CB1B /* CTower.cpp in Sources */ = {isa = PBXBuildFile; fileRef = 3CB28F461DA9F95600A1CB1B /* CTower.cpp */; };
		3CC2AFD71D3B36060003005B /* osxSetup.cpp in Sources */ = {isa = PBXBuildFile; fileRef = 3CC2AFD61D3B36060003005B /* osxSetup.cpp */; };
		3CC2AFEC1D3B3E010003005B /* CMatrix.cpp in Sources */ = {isa = PBXBuildFile; fileRef = 3CC2AFE51D3B3E010003005B /* CMatrix.cpp */; };
		3CC2AFED1D3B3E010003005B /* CQuaternion.cpp in Sources */ = {isa = PBXBuildFile; fileRef = 3CC2AFE81D3B3E010003005B /* CQuaternion.cpp */; };
		3CC2AFEE1D3B3E010003005B /* CVector.cpp in Sources */ = {isa = PBXBuildFile; fileRef = 3CC2AFEA1D3B3E010003005B /* CVector.cpp */; };
		3CC2AFF11D3B3E2B0003005B /* defines.cpp in Sources */ = {isa = PBXBuildFile; fileRef = 3CC2AFEF1D3B3E2B0003005B /* defines.cpp */; };
		3CC2AFF41D3B3F1D0003005B /* Random.cpp in Sources */ = {isa = PBXBuildFile; fileRef = 3CC2AFF21D3B3F1D0003005B /* Random.cpp */; };
		3CE82B091DCEAD42009ADBEF /* CBouncingSideToSideEnemy.cpp in Sources */ = {isa = PBXBuildFile; fileRef = 3CE82AFF1DCEAD42009ADBEF /* CBouncingSideToSideEnemy.cpp */; };
		3CE82B0A1DCEAD42009ADBEF /* CCollapsingStep.cpp in Sources */ = {isa = PBXBuildFile; fileRef = 3CE82B011DCEAD42009ADBEF /* CCollapsingStep.cpp */; };
		3CE82B0B1DCEAD42009ADBEF /* CExitScreen.cpp in Sources */ = {isa = PBXBuildFile; fileRef = 3CE82B031DCEAD42009ADBEF /* CExitScreen.cpp */; };
		3CE82B0C1DCEAD42009ADBEF /* CFireBall.cpp in Sources */ = {isa = PBXBuildFile; fileRef = 3CE82B051DCEAD42009ADBEF /* CFireBall.cpp */; };
		3CE82B0D1DCEAD42009ADBEF /* CFlyAcrossEnemy.cpp in Sources */ = {isa = PBXBuildFile; fileRef = 3CE82B071DCEAD42009ADBEF /* CFlyAcrossEnemy.cpp */; };
		3CE82B161DCEAEEA009ADBEF /* CHUD.cpp in Sources */ = {isa = PBXBuildFile; fileRef = 3CE82B0E1DCEAEEA009ADBEF /* CHUD.cpp */; };
		3CE82B171DCEAEEA009ADBEF /* CHUDFader.cpp in Sources */ = {isa = PBXBuildFile; fileRef = 3CE82B101DCEAEEA009ADBEF /* CHUDFader.cpp */; };
		3CE82B181DCEAEEA009ADBEF /* CLift.cpp in Sources */ = {isa = PBXBuildFile; fileRef = 3CE82B121DCEAEEA009ADBEF /* CLift.cpp */; };
		3CE82B191DCEAEEA009ADBEF /* CMainMenu.cpp in Sources */ = {isa = PBXBuildFile; fileRef = 3CE82B141DCEAEEA009ADBEF /* CMainMenu.cpp */; };
		3CE82B1B1DCEB6C2009ADBEF /* main.cpp in Sources */ = {isa = PBXBuildFile; fileRef = 3CE82B1A1DCEB6C2009ADBEF /* main.cpp */; };
		3CE82B1D1DCED712009ADBEF /* CSpriteEngine.cpp in Sources */ = {isa = PBXBuildFile; fileRef = 3CE82B1C1DCED712009ADBEF /* CSpriteEngine.cpp */; };
		3CE82B201DD00EF1009ADBEF /* CSlippyStep.cpp in Sources */ = {isa = PBXBuildFile; fileRef = 3CE82B1E1DD00EF1009ADBEF /* CSlippyStep.cpp */; };
		3CE82B371DD00F4B009ADBEF /* CPowerUp.cpp in Sources */ = {isa = PBXBuildFile; fileRef = 3CE82B211DD00F4B009ADBEF /* CPowerUp.cpp */; };
		3CE82B381DD00F4B009ADBEF /* CPowerUpGrow.cpp in Sources */ = {isa = PBXBuildFile; fileRef = 3CE82B231DD00F4B009ADBEF /* CPowerUpGrow.cpp */; };
		3CE82B391DD00F4B009ADBEF /* CPowerUpNoFriction.cpp in Sources */ = {isa = PBXBuildFile; fileRef = 3CE82B251DD00F4B009ADBEF /* CPowerUpNoFriction.cpp */; };
		3CE82B3A1DD00F4B009ADBEF /* CPowerUpSpeed.cpp in Sources */ = {isa = PBXBuildFile; fileRef = 3CE82B271DD00F4B009ADBEF /* CPowerUpSpeed.cpp */; };
		3CE82B3B1DD00F4B009ADBEF /* CSideToSideEnemy.cpp in Sources */ = {isa = PBXBuildFile; fileRef = 3CE82B291DD00F4B009ADBEF /* CSideToSideEnemy.cpp */; };
		3CE82B3C1DD00F4B009ADBEF /* CSkyBoard.cpp in Sources */ = {isa = PBXBuildFile; fileRef = 3CE82B2B1DD00F4B009ADBEF /* CSkyBoard.cpp */; };
		3CE82B3D1DD00F4B009ADBEF /* CTowerBottom.cpp in Sources */ = {isa = PBXBuildFile; fileRef = 3CE82B2D1DD00F4B009ADBEF /* CTowerBottom.cpp */; };
		3CE82B3E1DD00F4B009ADBEF /* CTowerTop.cpp in Sources */ = {isa = PBXBuildFile; fileRef = 3CE82B2F1DD00F4B009ADBEF /* CTowerTop.cpp */; };
		3CE82B3F1DD00F4B009ADBEF /* CTunnel.cpp in Sources */ = {isa = PBXBuildFile; fileRef = 3CE82B311DD00F4B009ADBEF /* CTunnel.cpp */; };
		3CE82B401DD00F4B009ADBEF /* CUpDownEnemy.cpp in Sources */ = {isa = PBXBuildFile; fileRef = 3CE82B331DD00F4B009ADBEF /* CUpDownEnemy.cpp */; };
		3CE82B411DD00F4B009ADBEF /* Game.cpp in Sources */ = {isa = PBXBuildFile; fileRef = 3CE82B351DD00F4B009ADBEF /* Game.cpp */; };
		3CE82B441DE9085C009ADBEF /* OpenGLShader.cpp in Sources */ = {isa = PBXBuildFile; fileRef = 3CE82B421DE9085C009ADBEF /* OpenGLShader.cpp */; };
		3CE82B471DE91535009ADBEF /* OpenGLImplementationBase.cpp in Sources */ = {isa = PBXBuildFile; fileRef = 3CE82B451DE91535009ADBEF /* OpenGLImplementationBase.cpp */; };
		3CED87471E2B391100942428 /* liballegro_acodec.5.2.2.dylib in Frameworks */ = {isa = PBXBuildFile; fileRef = 3CED872F1E2AFFE100942428 /* liballegro_acodec.5.2.2.dylib */; };
		3CED87491E2B39A300942428 /* liballegro_audio.5.2.2.dylib in Frameworks */ = {isa = PBXBuildFile; fileRef = 3CED87301E2AFFE100942428 /* liballegro_audio.5.2.2.dylib */; };
		3CFD2DE41D3C381E0005D3D0 /* CTextFileReader.cpp in Sources */ = {isa = PBXBuildFile; fileRef = 3CFD2DE21D3C381E0005D3D0 /* CTextFileReader.cpp */; };
		3CFD2DE71D3C3D090005D3D0 /* imageFileLoaders.cpp in Sources */ = {isa = PBXBuildFile; fileRef = 3CFD2DE51D3C3D090005D3D0 /* imageFileLoaders.cpp */; };
		3CFD2DEA1D3C40850005D3D0 /* texture.cpp in Sources */ = {isa = PBXBuildFile; fileRef = 3CFD2DE81D3C40850005D3D0 /* texture.cpp */; };
		3CFD2DF71D45B20C0005D3D0 /* Globals.cpp in Sources */ = {isa = PBXBuildFile; fileRef = 3CFD2DF51D45B20C0005D3D0 /* Globals.cpp */; };
/* End PBXBuildFile section */

/* Begin PBXCopyFilesBuildPhase section */
		3C6E0DBE1D330F060066B870 /* CopyFiles */ = {
			isa = PBXCopyFilesBuildPhase;
			buildActionMask = 2147483647;
			dstPath = /usr/share/man/man1/;
			dstSubfolderSpec = 0;
			files = (
			);
			runOnlyForDeploymentPostprocessing = 1;
		};
/* End PBXCopyFilesBuildPhase section */

/* Begin PBXFileReference section */
		3C6E0DC01D330F060066B870 /* Ozcan vs Nebulus and the Towergoround */ = {isa = PBXFileReference; explicitFileType = "compiled.mach-o.executable"; includeInIndex = 0; path = "Ozcan vs Nebulus and the Towergoround"; sourceTree = BUILT_PRODUCTS_DIR; };
		3C73B1531E170C6900ED8458 /* SystemOSX.h */ = {isa = PBXFileReference; fileEncoding = 4; lastKnownFileType = sourcecode.c.h; name = SystemOSX.h; path = code/System/PlatformSpecific/OSX/SystemOSX.h; sourceTree = "<group>"; };
		3C73B1541E170C7C00ED8458 /* SystemInterface.h */ = {isa = PBXFileReference; fileEncoding = 4; lastKnownFileType = sourcecode.c.h; name = SystemInterface.h; path = code/System/Interfaces/SystemInterface.h; sourceTree = "<group>"; };
		3CA5ED8B1D33108E0098F0FA /* OpenGL.framework */ = {isa = PBXFileReference; lastKnownFileType = wrapper.framework; name = OpenGL.framework; path = System/Library/Frameworks/OpenGL.framework; sourceTree = SDKROOT; };
		3CA5ED8D1D3310FD0098F0FA /* libGLEW.1.13.0.dylib */ = {isa = PBXFileReference; lastKnownFileType = "compiled.mach-o.dylib"; name = libGLEW.1.13.0.dylib; path = ../../../../../usr/local/Cellar/glew/1.13.0/lib/libGLEW.1.13.0.dylib; sourceTree = "<group>"; };
		3CA5ED8F1D3311120098F0FA /* libglfw3.3.1.dylib */ = {isa = PBXFileReference; lastKnownFileType = "compiled.mach-o.dylib"; name = libglfw3.3.1.dylib; path = ../../../../../usr/local/Cellar/glfw3/3.1.2/lib/libglfw3.3.1.dylib; sourceTree = "<group>"; };
		3CB28EB71D7D207300A1CB1B /* SoundInterface.h */ = {isa = PBXFileReference; fileEncoding = 4; lastKnownFileType = sourcecode.c.h; name = SoundInterface.h; path = code/Audio/Interfaces/SoundInterface.h; sourceTree = "<group>"; };
		3CB28EB81D7D21B800A1CB1B /* SoundOSX.cpp */ = {isa = PBXFileReference; fileEncoding = 4; lastKnownFileType = sourcecode.cpp.cpp; name = SoundOSX.cpp; path = code/Audio/PlatformSpecific/OSX/SoundOSX.cpp; sourceTree = "<group>"; };
		3CB28EB91D7D21B800A1CB1B /* SoundOSX.h */ = {isa = PBXFileReference; fileEncoding = 4; lastKnownFileType = sourcecode.c.h; name = SoundOSX.h; path = code/Audio/PlatformSpecific/OSX/SoundOSX.h; sourceTree = "<group>"; };
		3CB28EBF1D7D22DA00A1CB1B /* CKeyCode.h */ = {isa = PBXFileReference; fileEncoding = 4; lastKnownFileType = sourcecode.c.h; name = CKeyCode.h; path = code/Input/CKeyCode.h; sourceTree = "<group>"; };
		3CB28EC01D7D22F200A1CB1B /* CKeyMapInterface.h */ = {isa = PBXFileReference; fileEncoding = 4; lastKnownFileType = sourcecode.c.h; name = CKeyMapInterface.h; path = code/Input/Interfaces/CKeyMapInterface.h; sourceTree = "<group>"; };
		3CB28EC11D7D237700A1CB1B /* CKeyMapOSX.cpp */ = {isa = PBXFileReference; fileEncoding = 4; lastKnownFileType = sourcecode.cpp.cpp; name = CKeyMapOSX.cpp; path = code/Input/PlatformSpecific/OSX/CKeyMapOSX.cpp; sourceTree = "<group>"; };
		3CB28EC21D7D237700A1CB1B /* CKeyMapOSX.h */ = {isa = PBXFileReference; fileEncoding = 4; lastKnownFileType = sourcecode.c.h; name = CKeyMapOSX.h; path = code/Input/PlatformSpecific/OSX/CKeyMapOSX.h; sourceTree = "<group>"; };
		3CB28EC41D7D248F00A1CB1B /* ReplayManager.cpp */ = {isa = PBXFileReference; fileEncoding = 4; lastKnownFileType = sourcecode.cpp.cpp; name = ReplayManager.cpp; path = code/Game/ReplayManager.cpp; sourceTree = "<group>"; };
		3CB28EC51D7D248F00A1CB1B /* ReplayManager.h */ = {isa = PBXFileReference; fileEncoding = 4; lastKnownFileType = sourcecode.c.h; name = ReplayManager.h; path = code/Game/ReplayManager.h; sourceTree = "<group>"; };
		3CB28ECC1D7E6C3700A1CB1B /* CHighPrecisionTimerInterface.h */ = {isa = PBXFileReference; fileEncoding = 4; lastKnownFileType = sourcecode.c.h; name = CHighPrecisionTimerInterface.h; path = code/Time/Interfaces/CHighPrecisionTimerInterface.h; sourceTree = "<group>"; };
		3CB28ECD1D7E6C3700A1CB1B /* CTimerInterface.h */ = {isa = PBXFileReference; fileEncoding = 4; lastKnownFileType = sourcecode.c.h; name = CTimerInterface.h; path = code/Time/Interfaces/CTimerInterface.h; sourceTree = "<group>"; };
		3CB28ECE1D7E6CD700A1CB1B /* CHighPrecisionTimerOSX.cpp */ = {isa = PBXFileReference; fileEncoding = 4; lastKnownFileType = sourcecode.cpp.cpp; name = CHighPrecisionTimerOSX.cpp; path = code/Time/PlatformSpecific/OSX/CHighPrecisionTimerOSX.cpp; sourceTree = "<group>"; };
		3CB28ECF1D7E6CD700A1CB1B /* CHighPrecisionTimerOSX.h */ = {isa = PBXFileReference; fileEncoding = 4; lastKnownFileType = sourcecode.c.h; name = CHighPrecisionTimerOSX.h; path = code/Time/PlatformSpecific/OSX/CHighPrecisionTimerOSX.h; sourceTree = "<group>"; };
		3CB28ED01D7E6CD700A1CB1B /* CTimerOSX.cpp */ = {isa = PBXFileReference; fileEncoding = 4; lastKnownFileType = sourcecode.cpp.cpp; name = CTimerOSX.cpp; path = code/Time/PlatformSpecific/OSX/CTimerOSX.cpp; sourceTree = "<group>"; };
		3CB28ED11D7E6CD700A1CB1B /* CTimerOSX.h */ = {isa = PBXFileReference; fileEncoding = 4; lastKnownFileType = sourcecode.c.h; name = CTimerOSX.h; path = code/Time/PlatformSpecific/OSX/CTimerOSX.h; sourceTree = "<group>"; };
		3CB28ED81D7E707500A1CB1B /* DebugInterface.h */ = {isa = PBXFileReference; fileEncoding = 4; lastKnownFileType = sourcecode.c.h; name = DebugInterface.h; path = code/Debug/Interfaces/DebugInterface.h; sourceTree = "<group>"; };
		3CB28ED91D7E708800A1CB1B /* DebugMenu.cpp */ = {isa = PBXFileReference; fileEncoding = 4; lastKnownFileType = sourcecode.cpp.cpp; name = DebugMenu.cpp; path = code/Debug/DebugMenu.cpp; sourceTree = "<group>"; };
		3CB28EDA1D7E708800A1CB1B /* DebugMenu.h */ = {isa = PBXFileReference; fileEncoding = 4; lastKnownFileType = sourcecode.c.h; name = DebugMenu.h; path = code/Debug/DebugMenu.h; sourceTree = "<group>"; };
		3CB28EDB1D7E708800A1CB1B /* DebugRendering.cpp */ = {isa = PBXFileReference; fileEncoding = 4; lastKnownFileType = sourcecode.cpp.cpp; name = DebugRendering.cpp; path = code/Debug/DebugRendering.cpp; sourceTree = "<group>"; };
		3CB28EDC1D7E708800A1CB1B /* DebugRendering.h */ = {isa = PBXFileReference; fileEncoding = 4; lastKnownFileType = sourcecode.c.h; name = DebugRendering.h; path = code/Debug/DebugRendering.h; sourceTree = "<group>"; };
		3CB28EDF1D7E70FF00A1CB1B /* DebugOSX.cpp */ = {isa = PBXFileReference; fileEncoding = 4; lastKnownFileType = sourcecode.cpp.cpp; name = DebugOSX.cpp; path = code/Debug/PlatformSpecific/OSX/DebugOSX.cpp; sourceTree = "<group>"; };
		3CB28EE01D7E70FF00A1CB1B /* DebugOSX.h */ = {isa = PBXFileReference; fileEncoding = 4; lastKnownFileType = sourcecode.c.h; name = DebugOSX.h; path = code/Debug/PlatformSpecific/OSX/DebugOSX.h; sourceTree = "<group>"; };
		3CB28EE51D8378F300A1CB1B /* CModel.cpp */ = {isa = PBXFileReference; fileEncoding = 4; lastKnownFileType = sourcecode.cpp.cpp; name = CModel.cpp; path = code/Rendering/CModel.cpp; sourceTree = "<group>"; };
		3CB28EE61D8378F300A1CB1B /* CModelLoader.cpp */ = {isa = PBXFileReference; fileEncoding = 4; lastKnownFileType = sourcecode.cpp.cpp; name = CModelLoader.cpp; path = code/Rendering/CModelLoader.cpp; sourceTree = "<group>"; };
		3CB28EE71D8378F300A1CB1B /* CModelLoader.h */ = {isa = PBXFileReference; fileEncoding = 4; lastKnownFileType = sourcecode.c.h; name = CModelLoader.h; path = code/Rendering/CModelLoader.h; sourceTree = "<group>"; };
		3CB28EE81D8378F300A1CB1B /* CParticleSystem.cpp */ = {isa = PBXFileReference; fileEncoding = 4; lastKnownFileType = sourcecode.cpp.cpp; name = CParticleSystem.cpp; path = code/Rendering/CParticleSystem.cpp; sourceTree = "<group>"; };
		3CB28EE91D8378F300A1CB1B /* CParticleSystem.h */ = {isa = PBXFileReference; fileEncoding = 4; lastKnownFileType = sourcecode.c.h; name = CParticleSystem.h; path = code/Rendering/CParticleSystem.h; sourceTree = "<group>"; };
		3CB28EEA1D8378F300A1CB1B /* MatrixStack.cpp */ = {isa = PBXFileReference; fileEncoding = 4; lastKnownFileType = sourcecode.cpp.cpp; name = MatrixStack.cpp; path = code/Rendering/MatrixStack.cpp; sourceTree = "<group>"; };
		3CB28EEB1D8378F300A1CB1B /* MatrixStack.h */ = {isa = PBXFileReference; fileEncoding = 4; lastKnownFileType = sourcecode.c.h; name = MatrixStack.h; path = code/Rendering/MatrixStack.h; sourceTree = "<group>"; };
		3CB28EEC1D8378F300A1CB1B /* MeshBuffer.cpp */ = {isa = PBXFileReference; fileEncoding = 4; lastKnownFileType = sourcecode.cpp.cpp; name = MeshBuffer.cpp; path = code/Rendering/MeshBuffer.cpp; sourceTree = "<group>"; };
		3CB28EED1D8378F300A1CB1B /* MeshBuffer.h */ = {isa = PBXFileReference; fileEncoding = 4; lastKnownFileType = sourcecode.c.h; name = MeshBuffer.h; path = code/Rendering/MeshBuffer.h; sourceTree = "<group>"; };
		3CB28EEE1D8378F300A1CB1B /* ShadowMapping.cpp */ = {isa = PBXFileReference; fileEncoding = 4; lastKnownFileType = sourcecode.cpp.cpp; name = ShadowMapping.cpp; path = code/Rendering/ShadowMapping.cpp; sourceTree = "<group>"; };
		3CB28EEF1D8378F300A1CB1B /* ShadowMapping.h */ = {isa = PBXFileReference; fileEncoding = 4; lastKnownFileType = sourcecode.c.h; name = ShadowMapping.h; path = code/Rendering/ShadowMapping.h; sourceTree = "<group>"; };
		3CB28EF01D8378F300A1CB1B /* Text.cpp */ = {isa = PBXFileReference; fileEncoding = 4; lastKnownFileType = sourcecode.cpp.cpp; name = Text.cpp; path = code/Rendering/Text.cpp; sourceTree = "<group>"; };
		3CB28EF11D8378F300A1CB1B /* Text.h */ = {isa = PBXFileReference; fileEncoding = 4; lastKnownFileType = sourcecode.c.h; name = Text.h; path = code/Rendering/Text.h; sourceTree = "<group>"; };
		3CB28EF91D8385E000A1CB1B /* CLevel.cpp */ = {isa = PBXFileReference; fileEncoding = 4; lastKnownFileType = sourcecode.cpp.cpp; name = CLevel.cpp; path = code/Game/CLevel.cpp; sourceTree = "<group>"; };
		3CB28EFA1D8385E000A1CB1B /* CLevel.h */ = {isa = PBXFileReference; fileEncoding = 4; lastKnownFileType = sourcecode.c.h; name = CLevel.h; path = code/Game/CLevel.h; sourceTree = "<group>"; };
		3CB28EFC1D83904000A1CB1B /* COctree.h */ = {isa = PBXFileReference; fileEncoding = 4; lastKnownFileType = sourcecode.c.h; name = COctree.h; path = code/Game/COctree.h; sourceTree = "<group>"; };
		3CB28EFD1D84D89E00A1CB1B /* GameTime.cpp */ = {isa = PBXFileReference; fileEncoding = 4; lastKnownFileType = sourcecode.cpp.cpp; name = GameTime.cpp; path = code/Game/GameTime.cpp; sourceTree = "<group>"; };
		3CB28EFE1D84D89E00A1CB1B /* GameTime.h */ = {isa = PBXFileReference; fileEncoding = 4; lastKnownFileType = sourcecode.c.h; name = GameTime.h; path = code/Game/GameTime.h; sourceTree = "<group>"; };
		3CB28F001D84D99000A1CB1B /* CScene.h */ = {isa = PBXFileReference; fileEncoding = 4; lastKnownFileType = sourcecode.c.h; name = CScene.h; path = code/Game/CScene.h; sourceTree = "<group>"; };
		3CB28F021D84DADC00A1CB1B /* CameraActiveTypes.cpp */ = {isa = PBXFileReference; fileEncoding = 4; lastKnownFileType = sourcecode.cpp.cpp; name = CameraActiveTypes.cpp; path = code/Camera/CameraActiveTypes.cpp; sourceTree = "<group>"; };
		3CB28F031D84DADC00A1CB1B /* CameraActiveTypes.h */ = {isa = PBXFileReference; fileEncoding = 4; lastKnownFileType = sourcecode.c.h; name = CameraActiveTypes.h; path = code/Camera/CameraActiveTypes.h; sourceTree = "<group>"; };
		3CB28F041D84DADC00A1CB1B /* CameraLerp.cpp */ = {isa = PBXFileReference; fileEncoding = 4; lastKnownFileType = sourcecode.cpp.cpp; name = CameraLerp.cpp; path = code/Camera/CameraLerp.cpp; sourceTree = "<group>"; };
		3CB28F051D84DADC00A1CB1B /* CameraLerp.h */ = {isa = PBXFileReference; fileEncoding = 4; lastKnownFileType = sourcecode.c.h; name = CameraLerp.h; path = code/Camera/CameraLerp.h; sourceTree = "<group>"; };
		3CB28F061D84DADC00A1CB1B /* CameraLerpDistanceElevation.cpp */ = {isa = PBXFileReference; fileEncoding = 4; lastKnownFileType = sourcecode.cpp.cpp; name = CameraLerpDistanceElevation.cpp; path = code/Camera/CameraLerpDistanceElevation.cpp; sourceTree = "<group>"; };
		3CB28F071D84DADC00A1CB1B /* CameraLerpDistanceElevation.h */ = {isa = PBXFileReference; fileEncoding = 4; lastKnownFileType = sourcecode.c.h; name = CameraLerpDistanceElevation.h; path = code/Camera/CameraLerpDistanceElevation.h; sourceTree = "<group>"; };
		3CB28F081D84DADC00A1CB1B /* CameraLinks.cpp */ = {isa = PBXFileReference; fileEncoding = 4; lastKnownFileType = sourcecode.cpp.cpp; name = CameraLinks.cpp; path = code/Camera/CameraLinks.cpp; sourceTree = "<group>"; };
		3CB28F091D84DADC00A1CB1B /* CameraLinks.h */ = {isa = PBXFileReference; fileEncoding = 4; lastKnownFileType = sourcecode.c.h; name = CameraLinks.h; path = code/Camera/CameraLinks.h; sourceTree = "<group>"; };
		3CB28F0A1D84DADC00A1CB1B /* CameraPriorityTypes.cpp */ = {isa = PBXFileReference; fileEncoding = 4; lastKnownFileType = sourcecode.cpp.cpp; name = CameraPriorityTypes.cpp; path = code/Camera/CameraPriorityTypes.cpp; sourceTree = "<group>"; };
		3CB28F0B1D84DADC00A1CB1B /* CameraPriorityTypes.h */ = {isa = PBXFileReference; fileEncoding = 4; lastKnownFileType = sourcecode.c.h; name = CameraPriorityTypes.h; path = code/Camera/CameraPriorityTypes.h; sourceTree = "<group>"; };
		3CB28F0C1D84DADC00A1CB1B /* CameraTransform.cpp */ = {isa = PBXFileReference; fileEncoding = 4; lastKnownFileType = sourcecode.cpp.cpp; name = CameraTransform.cpp; path = code/Camera/CameraTransform.cpp; sourceTree = "<group>"; };
		3CB28F0D1D84DADC00A1CB1B /* CameraTransform.h */ = {isa = PBXFileReference; fileEncoding = 4; lastKnownFileType = sourcecode.c.h; name = CameraTransform.h; path = code/Camera/CameraTransform.h; sourceTree = "<group>"; };
		3CB28F0E1D84DADC00A1CB1B /* CameraTransition.cpp */ = {isa = PBXFileReference; fileEncoding = 4; lastKnownFileType = sourcecode.cpp.cpp; name = CameraTransition.cpp; path = code/Camera/CameraTransition.cpp; sourceTree = "<group>"; };
		3CB28F0F1D84DADC00A1CB1B /* CameraTransition.h */ = {isa = PBXFileReference; fileEncoding = 4; lastKnownFileType = sourcecode.c.h; name = CameraTransition.h; path = code/Camera/CameraTransition.h; sourceTree = "<group>"; };
		3CB28F101D84DADC00A1CB1B /* CameraTransitionCollision.cpp */ = {isa = PBXFileReference; fileEncoding = 4; lastKnownFileType = sourcecode.cpp.cpp; name = CameraTransitionCollision.cpp; path = code/Camera/CameraTransitionCollision.cpp; sourceTree = "<group>"; };
		3CB28F111D84DADC00A1CB1B /* CameraTransitionCollision.h */ = {isa = PBXFileReference; fileEncoding = 4; lastKnownFileType = sourcecode.c.h; name = CameraTransitionCollision.h; path = code/Camera/CameraTransitionCollision.h; sourceTree = "<group>"; };
		3CB28F121D84DADC00A1CB1B /* CamType.h */ = {isa = PBXFileReference; fileEncoding = 4; lastKnownFileType = sourcecode.c.h; name = CamType.h; path = code/Camera/CamType.h; sourceTree = "<group>"; };
		3CB28F131D84DADC00A1CB1B /* CamTypeCircleFollow.cpp */ = {isa = PBXFileReference; fileEncoding = 4; lastKnownFileType = sourcecode.cpp.cpp; name = CamTypeCircleFollow.cpp; path = code/Camera/CamTypeCircleFollow.cpp; sourceTree = "<group>"; };
		3CB28F141D84DADC00A1CB1B /* CamTypeCircleFollow.h */ = {isa = PBXFileReference; fileEncoding = 4; lastKnownFileType = sourcecode.c.h; name = CamTypeCircleFollow.h; path = code/Camera/CamTypeCircleFollow.h; sourceTree = "<group>"; };
		3CB28F151D84DADC00A1CB1B /* CamTypeReplay.cpp */ = {isa = PBXFileReference; fileEncoding = 4; lastKnownFileType = sourcecode.cpp.cpp; name = CamTypeReplay.cpp; path = code/Camera/CamTypeReplay.cpp; sourceTree = "<group>"; };
		3CB28F161D84DADC00A1CB1B /* CamTypeReplay.h */ = {isa = PBXFileReference; fileEncoding = 4; lastKnownFileType = sourcecode.c.h; name = CamTypeReplay.h; path = code/Camera/CamTypeReplay.h; sourceTree = "<group>"; };
		3CB28F171D84DADC00A1CB1B /* CamTypeTunnel.cpp */ = {isa = PBXFileReference; fileEncoding = 4; lastKnownFileType = sourcecode.cpp.cpp; name = CamTypeTunnel.cpp; path = code/Camera/CamTypeTunnel.cpp; sourceTree = "<group>"; };
		3CB28F181D84DADC00A1CB1B /* CamTypeTunnel.h */ = {isa = PBXFileReference; fileEncoding = 4; lastKnownFileType = sourcecode.c.h; name = CamTypeTunnel.h; path = code/Camera/CamTypeTunnel.h; sourceTree = "<group>"; };
		3CB28F191D84DADC00A1CB1B /* CCamera.cpp */ = {isa = PBXFileReference; fileEncoding = 4; lastKnownFileType = sourcecode.cpp.cpp; name = CCamera.cpp; path = code/Camera/CCamera.cpp; sourceTree = "<group>"; };
		3CB28F1A1D84DADC00A1CB1B /* CCamera.h */ = {isa = PBXFileReference; fileEncoding = 4; lastKnownFileType = sourcecode.c.h; name = CCamera.h; path = code/Camera/CCamera.h; sourceTree = "<group>"; };
		3CB28F1B1D84DADC00A1CB1B /* DebugCam.cpp */ = {isa = PBXFileReference; fileEncoding = 4; lastKnownFileType = sourcecode.cpp.cpp; name = DebugCam.cpp; path = code/Camera/DebugCam.cpp; sourceTree = "<group>"; };
		3CB28F1C1D84DADC00A1CB1B /* DebugCam.h */ = {isa = PBXFileReference; fileEncoding = 4; lastKnownFileType = sourcecode.c.h; name = DebugCam.h; path = code/Camera/DebugCam.h; sourceTree = "<group>"; };
		3CB28F1D1D84DADC00A1CB1B /* EularLerp.cpp */ = {isa = PBXFileReference; fileEncoding = 4; lastKnownFileType = sourcecode.cpp.cpp; name = EularLerp.cpp; path = code/Camera/EularLerp.cpp; sourceTree = "<group>"; };
		3CB28F1E1D84DADC00A1CB1B /* EularLerp.h */ = {isa = PBXFileReference; fileEncoding = 4; lastKnownFileType = sourcecode.c.h; name = EularLerp.h; path = code/Camera/EularLerp.h; sourceTree = "<group>"; };
		3CB28F2D1D84DBF000A1CB1B /* CScene.cpp */ = {isa = PBXFileReference; fileEncoding = 4; lastKnownFileType = sourcecode.cpp.cpp; name = CScene.cpp; path = code/Game/CScene.cpp; sourceTree = "<group>"; };
		3CB28F2F1DA9F1EF00A1CB1B /* CMenu.cpp */ = {isa = PBXFileReference; fileEncoding = 4; lastKnownFileType = sourcecode.cpp.cpp; name = CMenu.cpp; path = code/Game/CMenu.cpp; sourceTree = "<group>"; };
		3CB28F301DA9F1EF00A1CB1B /* CMenu.h */ = {isa = PBXFileReference; fileEncoding = 4; lastKnownFileType = sourcecode.c.h; name = CMenu.h; path = code/Game/CMenu.h; sourceTree = "<group>"; };
		3CB28F321DA9F48000A1CB1B /* COctree.cpp */ = {isa = PBXFileReference; fileEncoding = 4; lastKnownFileType = sourcecode.cpp.cpp; name = COctree.cpp; path = code/Game/COctree.cpp; sourceTree = "<group>"; };
		3CB28F341DA9F79200A1CB1B /* intersections.cpp */ = {isa = PBXFileReference; fileEncoding = 4; lastKnownFileType = sourcecode.cpp.cpp; name = intersections.cpp; path = code/Game/intersections.cpp; sourceTree = "<group>"; };
		3CB28F351DA9F79200A1CB1B /* intersections.h */ = {isa = PBXFileReference; fileEncoding = 4; lastKnownFileType = sourcecode.c.h; name = intersections.h; path = code/Game/intersections.h; sourceTree = "<group>"; };
		3CB28F371DA9F81A00A1CB1B /* CSprite.cpp */ = {isa = PBXFileReference; fileEncoding = 4; lastKnownFileType = sourcecode.cpp.cpp; name = CSprite.cpp; path = code/Game/CSprite.cpp; sourceTree = "<group>"; };
		3CB28F381DA9F81A00A1CB1B /* CSprite.h */ = {isa = PBXFileReference; fileEncoding = 4; lastKnownFileType = sourcecode.c.h; name = CSprite.h; path = code/Game/CSprite.h; sourceTree = "<group>"; };
		3CB28F3A1DA9F86E00A1CB1B /* CFrustum.cpp */ = {isa = PBXFileReference; fileEncoding = 4; lastKnownFileType = sourcecode.cpp.cpp; name = CFrustum.cpp; path = code/Game/CFrustum.cpp; sourceTree = "<group>"; };
		3CB28F3B1DA9F86E00A1CB1B /* CFrustum.h */ = {isa = PBXFileReference; fileEncoding = 4; lastKnownFileType = sourcecode.c.h; name = CFrustum.h; path = code/Game/CFrustum.h; sourceTree = "<group>"; };
		3CB28F3D1DA9F8C300A1CB1B /* CNebulus.cpp */ = {isa = PBXFileReference; fileEncoding = 4; lastKnownFileType = sourcecode.cpp.cpp; name = CNebulus.cpp; path = code/Game/CNebulus.cpp; sourceTree = "<group>"; };
		3CB28F3E1DA9F8C300A1CB1B /* CNebulus.h */ = {isa = PBXFileReference; fileEncoding = 4; lastKnownFileType = sourcecode.c.h; name = CNebulus.h; path = code/Game/CNebulus.h; sourceTree = "<group>"; };
		3CB28F401DA9F93300A1CB1B /* CTowerSprite.cpp */ = {isa = PBXFileReference; fileEncoding = 4; lastKnownFileType = sourcecode.cpp.cpp; name = CTowerSprite.cpp; path = code/Game/CTowerSprite.cpp; sourceTree = "<group>"; };
		3CB28F411DA9F93300A1CB1B /* CTowerSprite.h */ = {isa = PBXFileReference; fileEncoding = 4; lastKnownFileType = sourcecode.c.h; name = CTowerSprite.h; path = code/Game/CTowerSprite.h; sourceTree = "<group>"; };
		3CB28F421DA9F93300A1CB1B /* CTowerStep.cpp */ = {isa = PBXFileReference; fileEncoding = 4; lastKnownFileType = sourcecode.cpp.cpp; name = CTowerStep.cpp; path = code/Game/CTowerStep.cpp; sourceTree = "<group>"; };
		3CB28F431DA9F93300A1CB1B /* CTowerStep.h */ = {isa = PBXFileReference; fileEncoding = 4; lastKnownFileType = sourcecode.c.h; name = CTowerStep.h; path = code/Game/CTowerStep.h; sourceTree = "<group>"; };
		3CB28F461DA9F95600A1CB1B /* CTower.cpp */ = {isa = PBXFileReference; fileEncoding = 4; lastKnownFileType = sourcecode.cpp.cpp; name = CTower.cpp; path = code/Game/CTower.cpp; sourceTree = "<group>"; };
		3CB28F471DA9F95600A1CB1B /* CTower.h */ = {isa = PBXFileReference; fileEncoding = 4; lastKnownFileType = sourcecode.c.h; name = CTower.h; path = code/Game/CTower.h; sourceTree = "<group>"; };
		3CC2AFD61D3B36060003005B /* osxSetup.cpp */ = {isa = PBXFileReference; fileEncoding = 4; lastKnownFileType = sourcecode.cpp.cpp; name = osxSetup.cpp; path = code/PlatformSetUp/OSX/osxSetup.cpp; sourceTree = SOURCE_ROOT; };
		3CC2AFD91D3B369E0003005B /* SoundsEnum.h */ = {isa = PBXFileReference; fileEncoding = 4; lastKnownFileType = sourcecode.c.h; name = SoundsEnum.h; path = code/Audio/SoundsEnum.h; sourceTree = "<group>"; };
		3CC2AFDD1D3B38250003005B /* main.h */ = {isa = PBXFileReference; fileEncoding = 4; lastKnownFileType = sourcecode.c.h; name = main.h; path = code/Game/main.h; sourceTree = "<group>"; };
		3CC2AFE01D3B3B360003005B /* OpenGLInclude.h */ = {isa = PBXFileReference; fileEncoding = 4; lastKnownFileType = sourcecode.c.h; name = OpenGLInclude.h; path = code/Rendering/OpenGLInclude.h; sourceTree = "<group>"; };
		3CC2AFE11D3B3C200003005B /* CSpriteEngine.h */ = {isa = PBXFileReference; fileEncoding = 4; lastKnownFileType = sourcecode.c.h; name = CSpriteEngine.h; path = code/Game/CSpriteEngine.h; sourceTree = "<group>"; };
		3CC2AFE21D3B3D680003005B /* CModel.h */ = {isa = PBXFileReference; fileEncoding = 4; lastKnownFileType = sourcecode.c.h; name = CModel.h; path = code/Rendering/CModel.h; sourceTree = "<group>"; };
		3CC2AFE41D3B3E010003005B /* CBox.h */ = {isa = PBXFileReference; fileEncoding = 4; lastKnownFileType = sourcecode.c.h; name = CBox.h; path = code/Math/CBox.h; sourceTree = "<group>"; };
		3CC2AFE51D3B3E010003005B /* CMatrix.cpp */ = {isa = PBXFileReference; fileEncoding = 4; lastKnownFileType = sourcecode.cpp.cpp; name = CMatrix.cpp; path = code/Math/CMatrix.cpp; sourceTree = "<group>"; };
		3CC2AFE61D3B3E010003005B /* CMatrix.h */ = {isa = PBXFileReference; fileEncoding = 4; lastKnownFileType = sourcecode.c.h; name = CMatrix.h; path = code/Math/CMatrix.h; sourceTree = "<group>"; };
		3CC2AFE71D3B3E010003005B /* CPlane.h */ = {isa = PBXFileReference; fileEncoding = 4; lastKnownFileType = sourcecode.c.h; name = CPlane.h; path = code/Math/CPlane.h; sourceTree = "<group>"; };
		3CC2AFE81D3B3E010003005B /* CQuaternion.cpp */ = {isa = PBXFileReference; fileEncoding = 4; lastKnownFileType = sourcecode.cpp.cpp; name = CQuaternion.cpp; path = code/Math/CQuaternion.cpp; sourceTree = "<group>"; };
		3CC2AFE91D3B3E010003005B /* CQuaternion.h */ = {isa = PBXFileReference; fileEncoding = 4; lastKnownFileType = sourcecode.c.h; name = CQuaternion.h; path = code/Math/CQuaternion.h; sourceTree = "<group>"; };
		3CC2AFEA1D3B3E010003005B /* CVector.cpp */ = {isa = PBXFileReference; fileEncoding = 4; lastKnownFileType = sourcecode.cpp.cpp; name = CVector.cpp; path = code/Math/CVector.cpp; sourceTree = "<group>"; };
		3CC2AFEB1D3B3E010003005B /* CVector.h */ = {isa = PBXFileReference; fileEncoding = 4; lastKnownFileType = sourcecode.c.h; name = CVector.h; path = code/Math/CVector.h; sourceTree = "<group>"; };
		3CC2AFEF1D3B3E2B0003005B /* defines.cpp */ = {isa = PBXFileReference; fileEncoding = 4; lastKnownFileType = sourcecode.cpp.cpp; name = defines.cpp; path = code/Game/defines.cpp; sourceTree = "<group>"; };
		3CC2AFF01D3B3E2B0003005B /* defines.h */ = {isa = PBXFileReference; fileEncoding = 4; lastKnownFileType = sourcecode.c.h; name = defines.h; path = code/Game/defines.h; sourceTree = "<group>"; };
		3CC2AFF21D3B3F1D0003005B /* Random.cpp */ = {isa = PBXFileReference; fileEncoding = 4; lastKnownFileType = sourcecode.cpp.cpp; name = Random.cpp; path = code/Game/Random.cpp; sourceTree = "<group>"; };
		3CC2AFF31D3B3F1D0003005B /* Random.h */ = {isa = PBXFileReference; fileEncoding = 4; lastKnownFileType = sourcecode.c.h; name = Random.h; path = code/Game/Random.h; sourceTree = "<group>"; };
		3CE82AFF1DCEAD42009ADBEF /* CBouncingSideToSideEnemy.cpp */ = {isa = PBXFileReference; fileEncoding = 4; lastKnownFileType = sourcecode.cpp.cpp; name = CBouncingSideToSideEnemy.cpp; path = code/Game/CBouncingSideToSideEnemy.cpp; sourceTree = "<group>"; };
		3CE82B001DCEAD42009ADBEF /* CBouncingSideToSideEnemy.h */ = {isa = PBXFileReference; fileEncoding = 4; lastKnownFileType = sourcecode.c.h; name = CBouncingSideToSideEnemy.h; path = code/Game/CBouncingSideToSideEnemy.h; sourceTree = "<group>"; };
		3CE82B011DCEAD42009ADBEF /* CCollapsingStep.cpp */ = {isa = PBXFileReference; fileEncoding = 4; lastKnownFileType = sourcecode.cpp.cpp; name = CCollapsingStep.cpp; path = code/Game/CCollapsingStep.cpp; sourceTree = "<group>"; };
		3CE82B021DCEAD42009ADBEF /* CCollapsingStep.h */ = {isa = PBXFileReference; fileEncoding = 4; lastKnownFileType = sourcecode.c.h; name = CCollapsingStep.h; path = code/Game/CCollapsingStep.h; sourceTree = "<group>"; };
		3CE82B031DCEAD42009ADBEF /* CExitScreen.cpp */ = {isa = PBXFileReference; fileEncoding = 4; lastKnownFileType = sourcecode.cpp.cpp; name = CExitScreen.cpp; path = code/Game/CExitScreen.cpp; sourceTree = "<group>"; };
		3CE82B041DCEAD42009ADBEF /* CExitScreen.h */ = {isa = PBXFileReference; fileEncoding = 4; lastKnownFileType = sourcecode.c.h; name = CExitScreen.h; path = code/Game/CExitScreen.h; sourceTree = "<group>"; };
		3CE82B051DCEAD42009ADBEF /* CFireBall.cpp */ = {isa = PBXFileReference; fileEncoding = 4; lastKnownFileType = sourcecode.cpp.cpp; name = CFireBall.cpp; path = code/Game/CFireBall.cpp; sourceTree = "<group>"; };
		3CE82B061DCEAD42009ADBEF /* CFireBall.h */ = {isa = PBXFileReference; fileEncoding = 4; lastKnownFileType = sourcecode.c.h; name = CFireBall.h; path = code/Game/CFireBall.h; sourceTree = "<group>"; };
		3CE82B071DCEAD42009ADBEF /* CFlyAcrossEnemy.cpp */ = {isa = PBXFileReference; fileEncoding = 4; lastKnownFileType = sourcecode.cpp.cpp; name = CFlyAcrossEnemy.cpp; path = code/Game/CFlyAcrossEnemy.cpp; sourceTree = "<group>"; };
		3CE82B081DCEAD42009ADBEF /* CFlyAcrossEnemy.h */ = {isa = PBXFileReference; fileEncoding = 4; lastKnownFileType = sourcecode.c.h; name = CFlyAcrossEnemy.h; path = code/Game/CFlyAcrossEnemy.h; sourceTree = "<group>"; };
		3CE82B0E1DCEAEEA009ADBEF /* CHUD.cpp */ = {isa = PBXFileReference; fileEncoding = 4; lastKnownFileType = sourcecode.cpp.cpp; name = CHUD.cpp; path = code/Game/CHUD.cpp; sourceTree = "<group>"; };
		3CE82B0F1DCEAEEA009ADBEF /* CHUD.h */ = {isa = PBXFileReference; fileEncoding = 4; lastKnownFileType = sourcecode.c.h; name = CHUD.h; path = code/Game/CHUD.h; sourceTree = "<group>"; };
		3CE82B101DCEAEEA009ADBEF /* CHUDFader.cpp */ = {isa = PBXFileReference; fileEncoding = 4; lastKnownFileType = sourcecode.cpp.cpp; name = CHUDFader.cpp; path = code/Game/CHUDFader.cpp; sourceTree = "<group>"; };
		3CE82B111DCEAEEA009ADBEF /* CHUDFader.h */ = {isa = PBXFileReference; fileEncoding = 4; lastKnownFileType = sourcecode.c.h; name = CHUDFader.h; path = code/Game/CHUDFader.h; sourceTree = "<group>"; };
		3CE82B121DCEAEEA009ADBEF /* CLift.cpp */ = {isa = PBXFileReference; fileEncoding = 4; lastKnownFileType = sourcecode.cpp.cpp; name = CLift.cpp; path = code/Game/CLift.cpp; sourceTree = "<group>"; };
		3CE82B131DCEAEEA009ADBEF /* CLift.h */ = {isa = PBXFileReference; fileEncoding = 4; lastKnownFileType = sourcecode.c.h; name = CLift.h; path = code/Game/CLift.h; sourceTree = "<group>"; };
		3CE82B141DCEAEEA009ADBEF /* CMainMenu.cpp */ = {isa = PBXFileReference; fileEncoding = 4; lastKnownFileType = sourcecode.cpp.cpp; name = CMainMenu.cpp; path = code/Game/CMainMenu.cpp; sourceTree = "<group>"; };
		3CE82B151DCEAEEA009ADBEF /* CMainMenu.h */ = {isa = PBXFileReference; fileEncoding = 4; lastKnownFileType = sourcecode.c.h; name = CMainMenu.h; path = code/Game/CMainMenu.h; sourceTree = "<group>"; };
		3CE82B1A1DCEB6C2009ADBEF /* main.cpp */ = {isa = PBXFileReference; fileEncoding = 4; lastKnownFileType = sourcecode.cpp.cpp; name = main.cpp; path = code/Game/main.cpp; sourceTree = "<group>"; };
		3CE82B1C1DCED712009ADBEF /* CSpriteEngine.cpp */ = {isa = PBXFileReference; fileEncoding = 4; lastKnownFileType = sourcecode.cpp.cpp; name = CSpriteEngine.cpp; path = code/Game/CSpriteEngine.cpp; sourceTree = "<group>"; };
		3CE82B1E1DD00EF1009ADBEF /* CSlippyStep.cpp */ = {isa = PBXFileReference; fileEncoding = 4; lastKnownFileType = sourcecode.cpp.cpp; name = CSlippyStep.cpp; path = code/Game/CSlippyStep.cpp; sourceTree = "<group>"; };
		3CE82B1F1DD00EF1009ADBEF /* CSlippyStep.h */ = {isa = PBXFileReference; fileEncoding = 4; lastKnownFileType = sourcecode.c.h; name = CSlippyStep.h; path = code/Game/CSlippyStep.h; sourceTree = "<group>"; };
		3CE82B211DD00F4B009ADBEF /* CPowerUp.cpp */ = {isa = PBXFileReference; fileEncoding = 4; lastKnownFileType = sourcecode.cpp.cpp; name = CPowerUp.cpp; path = code/Game/CPowerUp.cpp; sourceTree = "<group>"; };
		3CE82B221DD00F4B009ADBEF /* CPowerUp.h */ = {isa = PBXFileReference; fileEncoding = 4; lastKnownFileType = sourcecode.c.h; name = CPowerUp.h; path = code/Game/CPowerUp.h; sourceTree = "<group>"; };
		3CE82B231DD00F4B009ADBEF /* CPowerUpGrow.cpp */ = {isa = PBXFileReference; fileEncoding = 4; lastKnownFileType = sourcecode.cpp.cpp; name = CPowerUpGrow.cpp; path = code/Game/CPowerUpGrow.cpp; sourceTree = "<group>"; };
		3CE82B241DD00F4B009ADBEF /* CPowerUpGrow.h */ = {isa = PBXFileReference; fileEncoding = 4; lastKnownFileType = sourcecode.c.h; name = CPowerUpGrow.h; path = code/Game/CPowerUpGrow.h; sourceTree = "<group>"; };
		3CE82B251DD00F4B009ADBEF /* CPowerUpNoFriction.cpp */ = {isa = PBXFileReference; fileEncoding = 4; lastKnownFileType = sourcecode.cpp.cpp; name = CPowerUpNoFriction.cpp; path = code/Game/CPowerUpNoFriction.cpp; sourceTree = "<group>"; };
		3CE82B261DD00F4B009ADBEF /* CPowerUpNoFriction.h */ = {isa = PBXFileReference; fileEncoding = 4; lastKnownFileType = sourcecode.c.h; name = CPowerUpNoFriction.h; path = code/Game/CPowerUpNoFriction.h; sourceTree = "<group>"; };
		3CE82B271DD00F4B009ADBEF /* CPowerUpSpeed.cpp */ = {isa = PBXFileReference; fileEncoding = 4; lastKnownFileType = sourcecode.cpp.cpp; name = CPowerUpSpeed.cpp; path = code/Game/CPowerUpSpeed.cpp; sourceTree = "<group>"; };
		3CE82B281DD00F4B009ADBEF /* CPowerUpSpeed.h */ = {isa = PBXFileReference; fileEncoding = 4; lastKnownFileType = sourcecode.c.h; name = CPowerUpSpeed.h; path = code/Game/CPowerUpSpeed.h; sourceTree = "<group>"; };
		3CE82B291DD00F4B009ADBEF /* CSideToSideEnemy.cpp */ = {isa = PBXFileReference; fileEncoding = 4; lastKnownFileType = sourcecode.cpp.cpp; name = CSideToSideEnemy.cpp; path = code/Game/CSideToSideEnemy.cpp; sourceTree = "<group>"; };
		3CE82B2A1DD00F4B009ADBEF /* CSideToSideEnemy.h */ = {isa = PBXFileReference; fileEncoding = 4; lastKnownFileType = sourcecode.c.h; name = CSideToSideEnemy.h; path = code/Game/CSideToSideEnemy.h; sourceTree = "<group>"; };
		3CE82B2B1DD00F4B009ADBEF /* CSkyBoard.cpp */ = {isa = PBXFileReference; fileEncoding = 4; lastKnownFileType = sourcecode.cpp.cpp; name = CSkyBoard.cpp; path = code/Game/CSkyBoard.cpp; sourceTree = "<group>"; };
		3CE82B2C1DD00F4B009ADBEF /* CSkyBoard.h */ = {isa = PBXFileReference; fileEncoding = 4; lastKnownFileType = sourcecode.c.h; name = CSkyBoard.h; path = code/Game/CSkyBoard.h; sourceTree = "<group>"; };
		3CE82B2D1DD00F4B009ADBEF /* CTowerBottom.cpp */ = {isa = PBXFileReference; fileEncoding = 4; lastKnownFileType = sourcecode.cpp.cpp; name = CTowerBottom.cpp; path = code/Game/CTowerBottom.cpp; sourceTree = "<group>"; };
		3CE82B2E1DD00F4B009ADBEF /* CTowerBottom.h */ = {isa = PBXFileReference; fileEncoding = 4; lastKnownFileType = sourcecode.c.h; name = CTowerBottom.h; path = code/Game/CTowerBottom.h; sourceTree = "<group>"; };
		3CE82B2F1DD00F4B009ADBEF /* CTowerTop.cpp */ = {isa = PBXFileReference; fileEncoding = 4; lastKnownFileType = sourcecode.cpp.cpp; name = CTowerTop.cpp; path = code/Game/CTowerTop.cpp; sourceTree = "<group>"; };
		3CE82B301DD00F4B009ADBEF /* CTowerTop.h */ = {isa = PBXFileReference; fileEncoding = 4; lastKnownFileType = sourcecode.c.h; name = CTowerTop.h; path = code/Game/CTowerTop.h; sourceTree = "<group>"; };
		3CE82B311DD00F4B009ADBEF /* CTunnel.cpp */ = {isa = PBXFileReference; fileEncoding = 4; lastKnownFileType = sourcecode.cpp.cpp; name = CTunnel.cpp; path = code/Game/CTunnel.cpp; sourceTree = "<group>"; };
		3CE82B321DD00F4B009ADBEF /* CTunnel.h */ = {isa = PBXFileReference; fileEncoding = 4; lastKnownFileType = sourcecode.c.h; name = CTunnel.h; path = code/Game/CTunnel.h; sourceTree = "<group>"; };
		3CE82B331DD00F4B009ADBEF /* CUpDownEnemy.cpp */ = {isa = PBXFileReference; fileEncoding = 4; lastKnownFileType = sourcecode.cpp.cpp; name = CUpDownEnemy.cpp; path = code/Game/CUpDownEnemy.cpp; sourceTree = "<group>"; };
		3CE82B341DD00F4B009ADBEF /* CUpDownEnemy.h */ = {isa = PBXFileReference; fileEncoding = 4; lastKnownFileType = sourcecode.c.h; name = CUpDownEnemy.h; path = code/Game/CUpDownEnemy.h; sourceTree = "<group>"; };
		3CE82B351DD00F4B009ADBEF /* Game.cpp */ = {isa = PBXFileReference; fileEncoding = 4; lastKnownFileType = sourcecode.cpp.cpp; name = Game.cpp; path = code/Game/Game.cpp; sourceTree = "<group>"; };
		3CE82B361DD00F4B009ADBEF /* Game.h */ = {isa = PBXFileReference; fileEncoding = 4; lastKnownFileType = sourcecode.c.h; name = Game.h; path = code/Game/Game.h; sourceTree = "<group>"; };
		3CE82B421DE9085C009ADBEF /* OpenGLShader.cpp */ = {isa = PBXFileReference; fileEncoding = 4; lastKnownFileType = sourcecode.cpp.cpp; name = OpenGLShader.cpp; path = code/Rendering/OpenGLShader.cpp; sourceTree = "<group>"; };
		3CE82B431DE9085C009ADBEF /* OpenGLShader.h */ = {isa = PBXFileReference; fileEncoding = 4; lastKnownFileType = sourcecode.c.h; name = OpenGLShader.h; path = code/Rendering/OpenGLShader.h; sourceTree = "<group>"; };
		3CE82B451DE91535009ADBEF /* OpenGLImplementationBase.cpp */ = {isa = PBXFileReference; fileEncoding = 4; lastKnownFileType = sourcecode.cpp.cpp; name = OpenGLImplementationBase.cpp; path = code/Rendering/OpenGLImplementationBase.cpp; sourceTree = "<group>"; };
		3CE82B461DE91535009ADBEF /* OpenGLImplementationBase.h */ = {isa = PBXFileReference; fileEncoding = 4; lastKnownFileType = sourcecode.c.h; name = OpenGLImplementationBase.h; path = code/Rendering/OpenGLImplementationBase.h; sourceTree = "<group>"; };
		3CED872F1E2AFFE100942428 /* liballegro_acodec.5.2.2.dylib */ = {isa = PBXFileReference; lastKnownFileType = "compiled.mach-o.dylib"; name = liballegro_acodec.5.2.2.dylib; path = ../../../../../usr/local/Cellar/allegro/5.2.2/lib/liballegro_acodec.5.2.2.dylib; sourceTree = "<group>"; };
		3CED87301E2AFFE100942428 /* liballegro_audio.5.2.2.dylib */ = {isa = PBXFileReference; lastKnownFileType = "compiled.mach-o.dylib"; name = liballegro_audio.5.2.2.dylib; path = ../../../../../usr/local/Cellar/allegro/5.2.2/lib/liballegro_audio.5.2.2.dylib; sourceTree = "<group>"; };
		3CFD2DE21D3C381E0005D3D0 /* CTextFileReader.cpp */ = {isa = PBXFileReference; fileEncoding = 4; lastKnownFileType = sourcecode.cpp.cpp; name = CTextFileReader.cpp; path = code/FileReading/CTextFileReader.cpp; sourceTree = "<group>"; };
		3CFD2DE31D3C381E0005D3D0 /* CTextFileReader.h */ = {isa = PBXFileReference; fileEncoding = 4; lastKnownFileType = sourcecode.c.h; name = CTextFileReader.h; path = code/FileReading/CTextFileReader.h; sourceTree = "<group>"; };
		3CFD2DE51D3C3D090005D3D0 /* imageFileLoaders.cpp */ = {isa = PBXFileReference; fileEncoding = 4; lastKnownFileType = sourcecode.cpp.cpp; name = imageFileLoaders.cpp; path = code/FileReading/imageFileLoaders.cpp; sourceTree = "<group>"; };
		3CFD2DE61D3C3D090005D3D0 /* imageFileLoaders.H */ = {isa = PBXFileReference; fileEncoding = 4; lastKnownFileType = sourcecode.cpp.h; name = imageFileLoaders.H; path = code/FileReading/imageFileLoaders.H; sourceTree = "<group>"; };
		3CFD2DE81D3C40850005D3D0 /* texture.cpp */ = {isa = PBXFileReference; fileEncoding = 4; lastKnownFileType = sourcecode.cpp.cpp; name = texture.cpp; path = code/FileReading/texture.cpp; sourceTree = "<group>"; };
		3CFD2DE91D3C40850005D3D0 /* TEXTURE.H */ = {isa = PBXFileReference; fileEncoding = 4; lastKnownFileType = sourcecode.cpp.h; name = TEXTURE.H; path = code/FileReading/TEXTURE.H; sourceTree = "<group>"; };
		3CFD2DEE1D45AB3F0005D3D0 /* OpenGLInterface.h */ = {isa = PBXFileReference; fileEncoding = 4; lastKnownFileType = sourcecode.c.h; name = OpenGLInterface.h; path = code/Rendering/Interfaces/OpenGLInterface.h; sourceTree = "<group>"; };
		3CFD2DF01D45AF690005D3D0 /* OpenGLOSX.h */ = {isa = PBXFileReference; fileEncoding = 4; lastKnownFileType = sourcecode.c.h; name = OpenGLOSX.h; path = code/Rendering/PlatformSpecific/OSX/OpenGLOSX.h; sourceTree = "<group>"; };
		3CFD2DF51D45B20C0005D3D0 /* Globals.cpp */ = {isa = PBXFileReference; fileEncoding = 4; lastKnownFileType = sourcecode.cpp.cpp; name = Globals.cpp; path = code/Game/Globals.cpp; sourceTree = "<group>"; };
		3CFD2DF61D45B20C0005D3D0 /* Globals.h */ = {isa = PBXFileReference; fileEncoding = 4; lastKnownFileType = sourcecode.c.h; name = Globals.h; path = code/Game/Globals.h; sourceTree = "<group>"; };
/* End PBXFileReference section */

/* Begin PBXFrameworksBuildPhase section */
		3C6E0DBD1D330F060066B870 /* Frameworks */ = {
			isa = PBXFrameworksBuildPhase;
			buildActionMask = 2147483647;
			files = (
				3CED87491E2B39A300942428 /* liballegro_audio.5.2.2.dylib in Frameworks */,
				3CED87471E2B391100942428 /* liballegro_acodec.5.2.2.dylib in Frameworks */,
				3CA5ED901D3311120098F0FA /* libglfw3.3.1.dylib in Frameworks */,
				3CA5ED8E1D3310FD0098F0FA /* libGLEW.1.13.0.dylib in Frameworks */,
				3CA5ED8C1D33108E0098F0FA /* OpenGL.framework in Frameworks */,
			);
			runOnlyForDeploymentPostprocessing = 0;
		};
/* End PBXFrameworksBuildPhase section */

/* Begin PBXGroup section */
		3C4B78981E170A59004FE124 /* System */ = {
			isa = PBXGroup;
			children = (
				3C73B1511E170C4200ED8458 /* PlatformSpecific */,
				3C73B1501E170C3800ED8458 /* Interfaces */,
			);
			name = System;
			sourceTree = "<group>";
		};
		3C6E0DB71D330F060066B870 = {
			isa = PBXGroup;
			children = (
				3CED872F1E2AFFE100942428 /* liballegro_acodec.5.2.2.dylib */,
				3CED87301E2AFFE100942428 /* liballegro_audio.5.2.2.dylib */,
				3C4B78981E170A59004FE124 /* System */,
				3CB28F011D84DAB400A1CB1B /* Camera */,
				3CB28ED41D7E700500A1CB1B /* Debug */,
				3CC2AFD81D3B365A0003005B /* Audio */,
				3CFD2DE11D3C38050005D3D0 /* FileReading */,
				3CC2AFDA1D3B37FA0003005B /* Game */,
				3CB28EBB1D7D228B00A1CB1B /* Input */,
				3CA5ED8D1D3310FD0098F0FA /* libGLEW.1.13.0.dylib */,
				3CA5ED8F1D3311120098F0FA /* libglfw3.3.1.dylib */,
				3CC2AFE31D3B3DE60003005B /* Math */,
				3CA5ED8B1D33108E0098F0FA /* OpenGL.framework */,
				3C6E0DC21D330F060066B870 /* PlatformSetup */,
				3C6E0DC11D330F060066B870 /* Products */,
				3CC2AFDE1D3B3AB00003005B /* Rendering */,
				3CB28EC81D7E6BD500A1CB1B /* Time */,
			);
			sourceTree = "<group>";
		};
		3C6E0DC11D330F060066B870 /* Products */ = {
			isa = PBXGroup;
			children = (
				3C6E0DC01D330F060066B870 /* Ozcan vs Nebulus and the Towergoround */,
			);
			name = Products;
			sourceTree = "<group>";
		};
		3C6E0DC21D330F060066B870 /* PlatformSetup */ = {
			isa = PBXGroup;
			children = (
				3CC2AFD31D3B34FF0003005B /* OSX */,
			);
			name = PlatformSetup;
			path = "Ozcan vs Nebulus and the Towergoround";
			sourceTree = "<group>";
		};
		3C73B1501E170C3800ED8458 /* Interfaces */ = {
			isa = PBXGroup;
			children = (
				3C73B1541E170C7C00ED8458 /* SystemInterface.h */,
			);
			name = Interfaces;
			sourceTree = "<group>";
		};
		3C73B1511E170C4200ED8458 /* PlatformSpecific */ = {
			isa = PBXGroup;
			children = (
				3C73B1521E170C4F00ED8458 /* OSX */,
			);
			name = PlatformSpecific;
			sourceTree = "<group>";
		};
		3C73B1521E170C4F00ED8458 /* OSX */ = {
			isa = PBXGroup;
			children = (
				3C73B1531E170C6900ED8458 /* SystemOSX.h */,
			);
			name = OSX;
			sourceTree = "<group>";
		};
		3CB28EB41D7D201000A1CB1B /* PlatformSpecific */ = {
			isa = PBXGroup;
			children = (
				3CB28EB51D7D201E00A1CB1B /* OSX */,
			);
			name = PlatformSpecific;
			sourceTree = "<group>";
		};
		3CB28EB51D7D201E00A1CB1B /* OSX */ = {
			isa = PBXGroup;
			children = (
				3CB28EB81D7D21B800A1CB1B /* SoundOSX.cpp */,
				3CB28EB91D7D21B800A1CB1B /* SoundOSX.h */,
			);
			name = OSX;
			sourceTree = "<group>";
		};
		3CB28EB61D7D202900A1CB1B /* Interfaces */ = {
			isa = PBXGroup;
			children = (
				3CB28EB71D7D207300A1CB1B /* SoundInterface.h */,
			);
			name = Interfaces;
			sourceTree = "<group>";
		};
		3CB28EBB1D7D228B00A1CB1B /* Input */ = {
			isa = PBXGroup;
			children = (
				3CB28EBF1D7D22DA00A1CB1B /* CKeyCode.h */,
				3CB28EBD1D7D22A900A1CB1B /* PlatformSpecific */,
				3CB28EBC1D7D229D00A1CB1B /* Interfaces */,
			);
			name = Input;
			sourceTree = "<group>";
		};
		3CB28EBC1D7D229D00A1CB1B /* Interfaces */ = {
			isa = PBXGroup;
			children = (
				3CB28EC01D7D22F200A1CB1B /* CKeyMapInterface.h */,
			);
			name = Interfaces;
			sourceTree = "<group>";
		};
		3CB28EBD1D7D22A900A1CB1B /* PlatformSpecific */ = {
			isa = PBXGroup;
			children = (
				3CB28EBE1D7D22B600A1CB1B /* OSX */,
			);
			name = PlatformSpecific;
			sourceTree = "<group>";
		};
		3CB28EBE1D7D22B600A1CB1B /* OSX */ = {
			isa = PBXGroup;
			children = (
				3CB28EC11D7D237700A1CB1B /* CKeyMapOSX.cpp */,
				3CB28EC21D7D237700A1CB1B /* CKeyMapOSX.h */,
			);
			name = OSX;
			sourceTree = "<group>";
		};
		3CB28EC81D7E6BD500A1CB1B /* Time */ = {
			isa = PBXGroup;
			children = (
				3CB28EC91D7E6BE500A1CB1B /* Interfaces */,
				3CB28ECA1D7E6BF400A1CB1B /* PlatformSpecific */,
			);
			name = Time;
			sourceTree = "<group>";
		};
		3CB28EC91D7E6BE500A1CB1B /* Interfaces */ = {
			isa = PBXGroup;
			children = (
				3CB28ECC1D7E6C3700A1CB1B /* CHighPrecisionTimerInterface.h */,
				3CB28ECD1D7E6C3700A1CB1B /* CTimerInterface.h */,
			);
			name = Interfaces;
			sourceTree = "<group>";
		};
		3CB28ECA1D7E6BF400A1CB1B /* PlatformSpecific */ = {
			isa = PBXGroup;
			children = (
				3CB28ECB1D7E6C0200A1CB1B /* OSX */,
			);
			name = PlatformSpecific;
			sourceTree = "<group>";
		};
		3CB28ECB1D7E6C0200A1CB1B /* OSX */ = {
			isa = PBXGroup;
			children = (
				3CB28ECE1D7E6CD700A1CB1B /* CHighPrecisionTimerOSX.cpp */,
				3CB28ECF1D7E6CD700A1CB1B /* CHighPrecisionTimerOSX.h */,
				3CB28ED01D7E6CD700A1CB1B /* CTimerOSX.cpp */,
				3CB28ED11D7E6CD700A1CB1B /* CTimerOSX.h */,
			);
			name = OSX;
			sourceTree = "<group>";
		};
		3CB28ED41D7E700500A1CB1B /* Debug */ = {
			isa = PBXGroup;
			children = (
				3CB28ED91D7E708800A1CB1B /* DebugMenu.cpp */,
				3CB28EDA1D7E708800A1CB1B /* DebugMenu.h */,
				3CB28EDB1D7E708800A1CB1B /* DebugRendering.cpp */,
				3CB28EDC1D7E708800A1CB1B /* DebugRendering.h */,
				3CB28ED61D7E701E00A1CB1B /* PlatformSpecific */,
				3CB28ED51D7E701200A1CB1B /* Interfaces */,
			);
			name = Debug;
			sourceTree = "<group>";
		};
		3CB28ED51D7E701200A1CB1B /* Interfaces */ = {
			isa = PBXGroup;
			children = (
				3CB28ED81D7E707500A1CB1B /* DebugInterface.h */,
			);
			name = Interfaces;
			sourceTree = "<group>";
		};
		3CB28ED61D7E701E00A1CB1B /* PlatformSpecific */ = {
			isa = PBXGroup;
			children = (
				3CB28ED71D7E702A00A1CB1B /* OSX */,
			);
			name = PlatformSpecific;
			sourceTree = "<group>";
		};
		3CB28ED71D7E702A00A1CB1B /* OSX */ = {
			isa = PBXGroup;
			children = (
				3CB28EDF1D7E70FF00A1CB1B /* DebugOSX.cpp */,
				3CB28EE01D7E70FF00A1CB1B /* DebugOSX.h */,
			);
			name = OSX;
			sourceTree = "<group>";
		};
		3CB28F011D84DAB400A1CB1B /* Camera */ = {
			isa = PBXGroup;
			children = (
				3CB28F021D84DADC00A1CB1B /* CameraActiveTypes.cpp */,
				3CB28F031D84DADC00A1CB1B /* CameraActiveTypes.h */,
				3CB28F041D84DADC00A1CB1B /* CameraLerp.cpp */,
				3CB28F051D84DADC00A1CB1B /* CameraLerp.h */,
				3CB28F061D84DADC00A1CB1B /* CameraLerpDistanceElevation.cpp */,
				3CB28F071D84DADC00A1CB1B /* CameraLerpDistanceElevation.h */,
				3CB28F081D84DADC00A1CB1B /* CameraLinks.cpp */,
				3CB28F091D84DADC00A1CB1B /* CameraLinks.h */,
				3CB28F0A1D84DADC00A1CB1B /* CameraPriorityTypes.cpp */,
				3CB28F0B1D84DADC00A1CB1B /* CameraPriorityTypes.h */,
				3CB28F0C1D84DADC00A1CB1B /* CameraTransform.cpp */,
				3CB28F0D1D84DADC00A1CB1B /* CameraTransform.h */,
				3CB28F0E1D84DADC00A1CB1B /* CameraTransition.cpp */,
				3CB28F0F1D84DADC00A1CB1B /* CameraTransition.h */,
				3CB28F101D84DADC00A1CB1B /* CameraTransitionCollision.cpp */,
				3CB28F111D84DADC00A1CB1B /* CameraTransitionCollision.h */,
				3CB28F121D84DADC00A1CB1B /* CamType.h */,
				3CB28F131D84DADC00A1CB1B /* CamTypeCircleFollow.cpp */,
				3CB28F141D84DADC00A1CB1B /* CamTypeCircleFollow.h */,
				3CB28F151D84DADC00A1CB1B /* CamTypeReplay.cpp */,
				3CB28F161D84DADC00A1CB1B /* CamTypeReplay.h */,
				3CB28F171D84DADC00A1CB1B /* CamTypeTunnel.cpp */,
				3CB28F181D84DADC00A1CB1B /* CamTypeTunnel.h */,
				3CB28F191D84DADC00A1CB1B /* CCamera.cpp */,
				3CB28F1A1D84DADC00A1CB1B /* CCamera.h */,
				3CB28F1B1D84DADC00A1CB1B /* DebugCam.cpp */,
				3CB28F1C1D84DADC00A1CB1B /* DebugCam.h */,
				3CB28F1D1D84DADC00A1CB1B /* EularLerp.cpp */,
				3CB28F1E1D84DADC00A1CB1B /* EularLerp.h */,
			);
			name = Camera;
			sourceTree = "<group>";
		};
		3CC2AFD31D3B34FF0003005B /* OSX */ = {
			isa = PBXGroup;
			children = (
				3CC2AFD61D3B36060003005B /* osxSetup.cpp */,
			);
			name = OSX;
			sourceTree = "<group>";
		};
		3CC2AFD81D3B365A0003005B /* Audio */ = {
			isa = PBXGroup;
			children = (
				3CB28EB61D7D202900A1CB1B /* Interfaces */,
				3CB28EB41D7D201000A1CB1B /* PlatformSpecific */,
				3CC2AFD91D3B369E0003005B /* SoundsEnum.h */,
			);
			name = Audio;
			sourceTree = "<group>";
		};
		3CC2AFDA1D3B37FA0003005B /* Game */ = {
			isa = PBXGroup;
			children = (
				3CE82B211DD00F4B009ADBEF /* CPowerUp.cpp */,
				3CE82B221DD00F4B009ADBEF /* CPowerUp.h */,
				3CE82B231DD00F4B009ADBEF /* CPowerUpGrow.cpp */,
				3CE82B241DD00F4B009ADBEF /* CPowerUpGrow.h */,
				3CE82B251DD00F4B009ADBEF /* CPowerUpNoFriction.cpp */,
				3CE82B261DD00F4B009ADBEF /* CPowerUpNoFriction.h */,
				3CE82B271DD00F4B009ADBEF /* CPowerUpSpeed.cpp */,
				3CE82B281DD00F4B009ADBEF /* CPowerUpSpeed.h */,
				3CE82B291DD00F4B009ADBEF /* CSideToSideEnemy.cpp */,
				3CE82B2A1DD00F4B009ADBEF /* CSideToSideEnemy.h */,
				3CE82B2B1DD00F4B009ADBEF /* CSkyBoard.cpp */,
				3CE82B2C1DD00F4B009ADBEF /* CSkyBoard.h */,
				3CE82B2D1DD00F4B009ADBEF /* CTowerBottom.cpp */,
				3CE82B2E1DD00F4B009ADBEF /* CTowerBottom.h */,
				3CE82B2F1DD00F4B009ADBEF /* CTowerTop.cpp */,
				3CE82B301DD00F4B009ADBEF /* CTowerTop.h */,
				3CE82B311DD00F4B009ADBEF /* CTunnel.cpp */,
				3CE82B321DD00F4B009ADBEF /* CTunnel.h */,
				3CE82B331DD00F4B009ADBEF /* CUpDownEnemy.cpp */,
				3CE82B341DD00F4B009ADBEF /* CUpDownEnemy.h */,
				3CE82B351DD00F4B009ADBEF /* Game.cpp */,
				3CE82B361DD00F4B009ADBEF /* Game.h */,
				3CE82B1E1DD00EF1009ADBEF /* CSlippyStep.cpp */,
				3CE82B1F1DD00EF1009ADBEF /* CSlippyStep.h */,
				3CE82B1C1DCED712009ADBEF /* CSpriteEngine.cpp */,
				3CE82B1A1DCEB6C2009ADBEF /* main.cpp */,
				3CE82B0E1DCEAEEA009ADBEF /* CHUD.cpp */,
				3CE82B0F1DCEAEEA009ADBEF /* CHUD.h */,
				3CE82B101DCEAEEA009ADBEF /* CHUDFader.cpp */,
				3CE82B111DCEAEEA009ADBEF /* CHUDFader.h */,
				3CE82B121DCEAEEA009ADBEF /* CLift.cpp */,
				3CE82B131DCEAEEA009ADBEF /* CLift.h */,
				3CE82B141DCEAEEA009ADBEF /* CMainMenu.cpp */,
				3CE82B151DCEAEEA009ADBEF /* CMainMenu.h */,
				3CE82AFF1DCEAD42009ADBEF /* CBouncingSideToSideEnemy.cpp */,
				3CE82B001DCEAD42009ADBEF /* CBouncingSideToSideEnemy.h */,
				3CE82B011DCEAD42009ADBEF /* CCollapsingStep.cpp */,
				3CE82B021DCEAD42009ADBEF /* CCollapsingStep.h */,
				3CE82B031DCEAD42009ADBEF /* CExitScreen.cpp */,
				3CE82B041DCEAD42009ADBEF /* CExitScreen.h */,
				3CE82B051DCEAD42009ADBEF /* CFireBall.cpp */,
				3CE82B061DCEAD42009ADBEF /* CFireBall.h */,
				3CE82B071DCEAD42009ADBEF /* CFlyAcrossEnemy.cpp */,
				3CE82B081DCEAD42009ADBEF /* CFlyAcrossEnemy.h */,
				3CB28F461DA9F95600A1CB1B /* CTower.cpp */,
				3CB28F471DA9F95600A1CB1B /* CTower.h */,
				3CB28F401DA9F93300A1CB1B /* CTowerSprite.cpp */,
				3CB28F411DA9F93300A1CB1B /* CTowerSprite.h */,
				3CB28F421DA9F93300A1CB1B /* CTowerStep.cpp */,
				3CB28F431DA9F93300A1CB1B /* CTowerStep.h */,
				3CB28F3D1DA9F8C300A1CB1B /* CNebulus.cpp */,
				3CB28F3E1DA9F8C300A1CB1B /* CNebulus.h */,
				3CB28F3A1DA9F86E00A1CB1B /* CFrustum.cpp */,
				3CB28F3B1DA9F86E00A1CB1B /* CFrustum.h */,
				3CB28F371DA9F81A00A1CB1B /* CSprite.cpp */,
				3CB28F381DA9F81A00A1CB1B /* CSprite.h */,
				3CB28F341DA9F79200A1CB1B /* intersections.cpp */,
				3CB28F351DA9F79200A1CB1B /* intersections.h */,
				3CB28F321DA9F48000A1CB1B /* COctree.cpp */,
				3CB28F2F1DA9F1EF00A1CB1B /* CMenu.cpp */,
				3CB28F301DA9F1EF00A1CB1B /* CMenu.h */,
				3CB28F2D1D84DBF000A1CB1B /* CScene.cpp */,
				3CB28F001D84D99000A1CB1B /* CScene.h */,
				3CB28EFD1D84D89E00A1CB1B /* GameTime.cpp */,
				3CB28EFE1D84D89E00A1CB1B /* GameTime.h */,
				3CB28EFC1D83904000A1CB1B /* COctree.h */,
				3CB28EF91D8385E000A1CB1B /* CLevel.cpp */,
				3CB28EFA1D8385E000A1CB1B /* CLevel.h */,
				3CB28EC41D7D248F00A1CB1B /* ReplayManager.cpp */,
				3CB28EC51D7D248F00A1CB1B /* ReplayManager.h */,
				3CC2AFE11D3B3C200003005B /* CSpriteEngine.h */,
				3CC2AFEF1D3B3E2B0003005B /* defines.cpp */,
				3CC2AFF01D3B3E2B0003005B /* defines.h */,
				3CFD2DF51D45B20C0005D3D0 /* Globals.cpp */,
				3CFD2DF61D45B20C0005D3D0 /* Globals.h */,
				3CC2AFDD1D3B38250003005B /* main.h */,
				3CC2AFF21D3B3F1D0003005B /* Random.cpp */,
				3CC2AFF31D3B3F1D0003005B /* Random.h */,
			);
			name = Game;
			sourceTree = "<group>";
		};
		3CC2AFDE1D3B3AB00003005B /* Rendering */ = {
			isa = PBXGroup;
			children = (
				3CE82B451DE91535009ADBEF /* OpenGLImplementationBase.cpp */,
				3CE82B461DE91535009ADBEF /* OpenGLImplementationBase.h */,
				3CE82B421DE9085C009ADBEF /* OpenGLShader.cpp */,
				3CE82B431DE9085C009ADBEF /* OpenGLShader.h */,
				3CB28EE51D8378F300A1CB1B /* CModel.cpp */,
				3CC2AFE21D3B3D680003005B /* CModel.h */,
				3CB28EE61D8378F300A1CB1B /* CModelLoader.cpp */,
				3CB28EE71D8378F300A1CB1B /* CModelLoader.h */,
				3CB28EE81D8378F300A1CB1B /* CParticleSystem.cpp */,
				3CB28EE91D8378F300A1CB1B /* CParticleSystem.h */,
				3CFD2DEB1D45AAF70005D3D0 /* Interfaces */,
				3CB28EEA1D8378F300A1CB1B /* MatrixStack.cpp */,
				3CB28EEB1D8378F300A1CB1B /* MatrixStack.h */,
				3CB28EEC1D8378F300A1CB1B /* MeshBuffer.cpp */,
				3CB28EED1D8378F300A1CB1B /* MeshBuffer.h */,
				3CC2AFE01D3B3B360003005B /* OpenGLInclude.h */,
				3CFD2DEC1D45AB040005D3D0 /* PlatformSpecific */,
				3CB28EEE1D8378F300A1CB1B /* ShadowMapping.cpp */,
				3CB28EEF1D8378F300A1CB1B /* ShadowMapping.h */,
				3CB28EF01D8378F300A1CB1B /* Text.cpp */,
				3CB28EF11D8378F300A1CB1B /* Text.h */,
			);
			name = Rendering;
			sourceTree = "<group>";
		};
		3CC2AFE31D3B3DE60003005B /* Math */ = {
			isa = PBXGroup;
			children = (
				3CC2AFE41D3B3E010003005B /* CBox.h */,
				3CC2AFE51D3B3E010003005B /* CMatrix.cpp */,
				3CC2AFE61D3B3E010003005B /* CMatrix.h */,
				3CC2AFE71D3B3E010003005B /* CPlane.h */,
				3CC2AFE81D3B3E010003005B /* CQuaternion.cpp */,
				3CC2AFE91D3B3E010003005B /* CQuaternion.h */,
				3CC2AFEA1D3B3E010003005B /* CVector.cpp */,
				3CC2AFEB1D3B3E010003005B /* CVector.h */,
			);
			name = Math;
			sourceTree = "<group>";
		};
		3CFD2DE11D3C38050005D3D0 /* FileReading */ = {
			isa = PBXGroup;
			children = (
				3CFD2DE81D3C40850005D3D0 /* texture.cpp */,
				3CFD2DE91D3C40850005D3D0 /* TEXTURE.H */,
				3CFD2DE51D3C3D090005D3D0 /* imageFileLoaders.cpp */,
				3CFD2DE61D3C3D090005D3D0 /* imageFileLoaders.H */,
				3CFD2DE21D3C381E0005D3D0 /* CTextFileReader.cpp */,
				3CFD2DE31D3C381E0005D3D0 /* CTextFileReader.h */,
			);
			name = FileReading;
			sourceTree = "<group>";
		};
		3CFD2DEB1D45AAF70005D3D0 /* Interfaces */ = {
			isa = PBXGroup;
			children = (
				3CFD2DEE1D45AB3F0005D3D0 /* OpenGLInterface.h */,
			);
			name = Interfaces;
			sourceTree = "<group>";
		};
		3CFD2DEC1D45AB040005D3D0 /* PlatformSpecific */ = {
			isa = PBXGroup;
			children = (
				3CFD2DED1D45AB150005D3D0 /* OSX */,
			);
			name = PlatformSpecific;
			sourceTree = "<group>";
		};
		3CFD2DED1D45AB150005D3D0 /* OSX */ = {
			isa = PBXGroup;
			children = (
				3CFD2DF01D45AF690005D3D0 /* OpenGLOSX.h */,
			);
			name = OSX;
			sourceTree = "<group>";
		};
/* End PBXGroup section */

/* Begin PBXNativeTarget section */
		3C6E0DBF1D330F060066B870 /* Ozcan vs Nebulus and the Towergoround */ = {
			isa = PBXNativeTarget;
			buildConfigurationList = 3C6E0DC71D330F060066B870 /* Build configuration list for PBXNativeTarget "Ozcan vs Nebulus and the Towergoround" */;
			buildPhases = (
				3C6E0DBC1D330F060066B870 /* Sources */,
				3C6E0DBD1D330F060066B870 /* Frameworks */,
				3C6E0DBE1D330F060066B870 /* CopyFiles */,
			);
			buildRules = (
			);
			dependencies = (
			);
			name = "Ozcan vs Nebulus and the Towergoround";
			productName = "Ozcan vs Nebulus and the Towergoround";
			productReference = 3C6E0DC01D330F060066B870 /* Ozcan vs Nebulus and the Towergoround */;
			productType = "com.apple.product-type.tool";
		};
/* End PBXNativeTarget section */

/* Begin PBXProject section */
		3C6E0DB81D330F060066B870 /* Project object */ = {
			isa = PBXProject;
			attributes = {
				LastUpgradeCheck = 0730;
				ORGANIZATIONNAME = "Benjamin Nickson";
				TargetAttributes = {
					3C6E0DBF1D330F060066B870 = {
						CreatedOnToolsVersion = 7.3.1;
					};
				};
			};
			buildConfigurationList = 3C6E0DBB1D330F060066B870 /* Build configuration list for PBXProject "Ozcan vs Nebulus and the Towergoround" */;
			compatibilityVersion = "Xcode 3.2";
			developmentRegion = English;
			hasScannedForEncodings = 0;
			knownRegions = (
				en,
			);
			mainGroup = 3C6E0DB71D330F060066B870;
			productRefGroup = 3C6E0DC11D330F060066B870 /* Products */;
			projectDirPath = "";
			projectRoot = "";
			targets = (
				3C6E0DBF1D330F060066B870 /* Ozcan vs Nebulus and the Towergoround */,
			);
		};
/* End PBXProject section */

/* Begin PBXSourcesBuildPhase section */
		3C6E0DBC1D330F060066B870 /* Sources */ = {
			isa = PBXSourcesBuildPhase;
			buildActionMask = 2147483647;
			files = (
				3CB28F231D84DADC00A1CB1B /* CameraPriorityTypes.cpp in Sources */,
				3CB28F261D84DADC00A1CB1B /* CameraTransitionCollision.cpp in Sources */,
				3CB28EF81D8378F300A1CB1B /* Text.cpp in Sources */,
				3CFD2DF71D45B20C0005D3D0 /* Globals.cpp in Sources */,
				3CE82B171DCEAEEA009ADBEF /* CHUDFader.cpp in Sources */,
				3CB28F2E1D84DBF000A1CB1B /* CScene.cpp in Sources */,
				3CE82B201DD00EF1009ADBEF /* CSlippyStep.cpp in Sources */,
				3CB28F1F1D84DADC00A1CB1B /* CameraActiveTypes.cpp in Sources */,
				3CB28EDE1D7E708800A1CB1B /* DebugRendering.cpp in Sources */,
				3CC2AFF41D3B3F1D0003005B /* Random.cpp in Sources */,
				3CC2AFF11D3B3E2B0003005B /* defines.cpp in Sources */,
				3CE82B411DD00F4B009ADBEF /* Game.cpp in Sources */,
				3CB28F201D84DADC00A1CB1B /* CameraLerp.cpp in Sources */,
				3CE82B1B1DCEB6C2009ADBEF /* main.cpp in Sources */,
				3CE82B0A1DCEAD42009ADBEF /* CCollapsingStep.cpp in Sources */,
				3CFD2DE71D3C3D090005D3D0 /* imageFileLoaders.cpp in Sources */,
				3CE82B3B1DD00F4B009ADBEF /* CSideToSideEnemy.cpp in Sources */,
				3CB28F3C1DA9F86E00A1CB1B /* CFrustum.cpp in Sources */,
				3CE82B091DCEAD42009ADBEF /* CBouncingSideToSideEnemy.cpp in Sources */,
				3CB28F441DA9F93300A1CB1B /* CTowerSprite.cpp in Sources */,
				3CB28F281D84DADC00A1CB1B /* CamTypeReplay.cpp in Sources */,
				3CE82B1D1DCED712009ADBEF /* CSpriteEngine.cpp in Sources */,
				3CFD2DEA1D3C40850005D3D0 /* texture.cpp in Sources */,
				3CB28F451DA9F93300A1CB1B /* CTowerStep.cpp in Sources */,
				3CE82B3F1DD00F4B009ADBEF /* CTunnel.cpp in Sources */,
				3CB28F3F1DA9F8C300A1CB1B /* CNebulus.cpp in Sources */,
				3CB28ED21D7E6CD700A1CB1B /* CHighPrecisionTimerOSX.cpp in Sources */,
				3CC2AFED1D3B3E010003005B /* CQuaternion.cpp in Sources */,
				3CB28EBA1D7D21B800A1CB1B /* SoundOSX.cpp in Sources */,
				3CB28F271D84DADC00A1CB1B /* CamTypeCircleFollow.cpp in Sources */,
				3CE82B391DD00F4B009ADBEF /* CPowerUpNoFriction.cpp in Sources */,
				3CB28F331DA9F48000A1CB1B /* COctree.cpp in Sources */,
				3CC2AFEC1D3B3E010003005B /* CMatrix.cpp in Sources */,
				3CC2AFEE1D3B3E010003005B /* CVector.cpp in Sources */,
				3CB28EF51D8378F300A1CB1B /* MatrixStack.cpp in Sources */,
				3CB28F291D84DADC00A1CB1B /* CamTypeTunnel.cpp in Sources */,
				3CB28F391DA9F81A00A1CB1B /* CSprite.cpp in Sources */,
				3CB28EF41D8378F300A1CB1B /* CParticleSystem.cpp in Sources */,
				3CE82B3E1DD00F4B009ADBEF /* CTowerTop.cpp in Sources */,
				3CE82B381DD00F4B009ADBEF /* CPowerUpGrow.cpp in Sources */,
				3CE82B191DCEAEEA009ADBEF /* CMainMenu.cpp in Sources */,
				3CE82B3A1DD00F4B009ADBEF /* CPowerUpSpeed.cpp in Sources */,
				3CB28F221D84DADC00A1CB1B /* CameraLinks.cpp in Sources */,
				3CE82B471DE91535009ADBEF /* OpenGLImplementationBase.cpp in Sources */,
				3CE82B401DD00F4B009ADBEF /* CUpDownEnemy.cpp in Sources */,
				3CB28EDD1D7E708800A1CB1B /* DebugMenu.cpp in Sources */,
				3CB28EC31D7D237700A1CB1B /* CKeyMapOSX.cpp in Sources */,
				3CE82B181DCEAEEA009ADBEF /* CLift.cpp in Sources */,
				3CB28EF21D8378F300A1CB1B /* CModel.cpp in Sources */,
				3CB28EF71D8378F300A1CB1B /* ShadowMapping.cpp in Sources */,
				3CB28F481DA9F95600A1CB1B /* CTower.cpp in Sources */,
				3CE82B0C1DCEAD42009ADBEF /* CFireBall.cpp in Sources */,
				3CE82B3C1DD00F4B009ADBEF /* CSkyBoard.cpp in Sources */,
				3CB28ED31D7E6CD700A1CB1B /* CTimerOSX.cpp in Sources */,
				3CB28EE11D7E70FF00A1CB1B /* DebugOSX.cpp in Sources */,
				3CE82B3D1DD00F4B009ADBEF /* CTowerBottom.cpp in Sources */,
				3CE82B161DCEAEEA009ADBEF /* CHUD.cpp in Sources */,
				3CE82B371DD00F4B009ADBEF /* CPowerUp.cpp in Sources */,
				3CB28EF31D8378F300A1CB1B /* CModelLoader.cpp in Sources */,
				3CB28EFF1D84D89E00A1CB1B /* GameTime.cpp in Sources */,
				3CC2AFD71D3B36060003005B /* osxSetup.cpp in Sources */,
				3CB28F311DA9F1EF00A1CB1B /* CMenu.cpp in Sources */,
				3CB28F361DA9F79200A1CB1B /* intersections.cpp in Sources */,
				3CB28EFB1D8385E000A1CB1B /* CLevel.cpp in Sources */,
				3CE82B0D1DCEAD42009ADBEF /* CFlyAcrossEnemy.cpp in Sources */,
				3CB28EF61D8378F300A1CB1B /* MeshBuffer.cpp in Sources */,
				3CE82B0B1DCEAD42009ADBEF /* CExitScreen.cpp in Sources */,
				3CB28F251D84DADC00A1CB1B /* CameraTransition.cpp in Sources */,
				3CFD2DE41D3C381E0005D3D0 /* CTextFileReader.cpp in Sources */,
				3CB28F241D84DADC00A1CB1B /* CameraTransform.cpp in Sources */,
				3CE82B441DE9085C009ADBEF /* OpenGLShader.cpp in Sources */,
				3CB28F2A1D84DADC00A1CB1B /* CCamera.cpp in Sources */,
				3CB28EC61D7D248F00A1CB1B /* ReplayManager.cpp in Sources */,
				3CB28F2B1D84DADC00A1CB1B /* DebugCam.cpp in Sources */,
				3CB28F211D84DADC00A1CB1B /* CameraLerpDistanceElevation.cpp in Sources */,
				3CB28F2C1D84DADC00A1CB1B /* EularLerp.cpp in Sources */,
			);
			runOnlyForDeploymentPostprocessing = 0;
		};
/* End PBXSourcesBuildPhase section */

/* Begin XCBuildConfiguration section */
		3C6E0DC51D330F060066B870 /* Debug */ = {
			isa = XCBuildConfiguration;
			buildSettings = {
				ALWAYS_SEARCH_USER_PATHS = NO;
				CLANG_ANALYZER_NONNULL = YES;
				CLANG_CXX_LANGUAGE_STANDARD = "gnu++0x";
				CLANG_CXX_LIBRARY = "libc++";
				CLANG_ENABLE_MODULES = YES;
				CLANG_ENABLE_OBJC_ARC = YES;
				CLANG_WARN_BOOL_CONVERSION = YES;
				CLANG_WARN_CONSTANT_CONVERSION = YES;
				CLANG_WARN_DIRECT_OBJC_ISA_USAGE = YES_ERROR;
				CLANG_WARN_EMPTY_BODY = YES;
				CLANG_WARN_ENUM_CONVERSION = YES;
				CLANG_WARN_INT_CONVERSION = YES;
				CLANG_WARN_OBJC_ROOT_CLASS = YES_ERROR;
				CLANG_WARN_UNREACHABLE_CODE = YES;
				CLANG_WARN__DUPLICATE_METHOD_MATCH = YES;
				CODE_SIGN_IDENTITY = "-";
				COPY_PHASE_STRIP = NO;
				DEBUG_INFORMATION_FORMAT = dwarf;
				ENABLE_STRICT_OBJC_MSGSEND = YES;
				ENABLE_TESTABILITY = YES;
				GCC_C_LANGUAGE_STANDARD = gnu99;
				GCC_DYNAMIC_NO_PIC = NO;
				GCC_NO_COMMON_BLOCKS = YES;
				GCC_OPTIMIZATION_LEVEL = 0;
				GCC_PREPROCESSOR_DEFINITIONS = (
					"DEBUG=1",
					"$(inherited)",
					OSX,
					_DEBUG,
					USE_SHADERS,
				);
				GCC_WARN_64_TO_32_BIT_CONVERSION = YES;
				GCC_WARN_ABOUT_RETURN_TYPE = YES_ERROR;
				GCC_WARN_UNDECLARED_SELECTOR = YES;
				GCC_WARN_UNINITIALIZED_AUTOS = YES_AGGRESSIVE;
				GCC_WARN_UNUSED_FUNCTION = YES;
				GCC_WARN_UNUSED_VARIABLE = YES;
				MACOSX_DEPLOYMENT_TARGET = 10.11;
				MTL_ENABLE_DEBUG_INFO = YES;
				ONLY_ACTIVE_ARCH = YES;
				SDKROOT = macosx;
			};
			name = Debug;
		};
		3C6E0DC61D330F060066B870 /* Release */ = {
			isa = XCBuildConfiguration;
			buildSettings = {
				ALWAYS_SEARCH_USER_PATHS = NO;
				CLANG_ANALYZER_NONNULL = YES;
				CLANG_CXX_LANGUAGE_STANDARD = "gnu++0x";
				CLANG_CXX_LIBRARY = "libc++";
				CLANG_ENABLE_MODULES = YES;
				CLANG_ENABLE_OBJC_ARC = YES;
				CLANG_WARN_BOOL_CONVERSION = YES;
				CLANG_WARN_CONSTANT_CONVERSION = YES;
				CLANG_WARN_DIRECT_OBJC_ISA_USAGE = YES_ERROR;
				CLANG_WARN_EMPTY_BODY = YES;
				CLANG_WARN_ENUM_CONVERSION = YES;
				CLANG_WARN_INT_CONVERSION = YES;
				CLANG_WARN_OBJC_ROOT_CLASS = YES_ERROR;
				CLANG_WARN_UNREACHABLE_CODE = YES;
				CLANG_WARN__DUPLICATE_METHOD_MATCH = YES;
				CODE_SIGN_IDENTITY = "-";
				COPY_PHASE_STRIP = NO;
				DEBUG_INFORMATION_FORMAT = "dwarf-with-dsym";
				ENABLE_NS_ASSERTIONS = NO;
				ENABLE_STRICT_OBJC_MSGSEND = YES;
				GCC_C_LANGUAGE_STANDARD = gnu99;
				GCC_NO_COMMON_BLOCKS = YES;
				GCC_PREPROCESSOR_DEFINITIONS = (
					OSX,
					USE_SHADERS,
				);
				GCC_WARN_64_TO_32_BIT_CONVERSION = YES;
				GCC_WARN_ABOUT_RETURN_TYPE = YES_ERROR;
				GCC_WARN_UNDECLARED_SELECTOR = YES;
				GCC_WARN_UNINITIALIZED_AUTOS = YES_AGGRESSIVE;
				GCC_WARN_UNUSED_FUNCTION = YES;
				GCC_WARN_UNUSED_VARIABLE = YES;
				MACOSX_DEPLOYMENT_TARGET = 10.11;
				MTL_ENABLE_DEBUG_INFO = NO;
				SDKROOT = macosx;
			};
			name = Release;
		};
		3C6E0DC81D330F060066B870 /* Debug */ = {
			isa = XCBuildConfiguration;
			buildSettings = {
				HEADER_SEARCH_PATHS = (
					/usr/local/include,
					/Users/benjaminnickson/Documents/Ozcan/Ozcan_vs_Nebulus_and_the_Towergoround/code,
				);
				LIBRARY_SEARCH_PATHS = (
					"$(inherited)",
					/usr/local/Cellar/glew/1.13.0/lib,
					/usr/local/Cellar/glfw3/3.1.2/lib,
					/usr/local/Cellar/allegro/5.2.2/lib,
				);
				PRODUCT_NAME = "$(TARGET_NAME)";
			};
			name = Debug;
		};
		3C6E0DC91D330F060066B870 /* Release */ = {
			isa = XCBuildConfiguration;
			buildSettings = {
				HEADER_SEARCH_PATHS = (
					/usr/local/include,
					/Users/benjaminnickson/Documents/Ozcan/Ozcan_vs_Nebulus_and_the_Towergoround/code,
				);
				LIBRARY_SEARCH_PATHS = (
					"$(inherited)",
					/usr/local/Cellar/glew/1.13.0/lib,
					/usr/local/Cellar/glfw3/3.1.2/lib,
					/usr/local/Cellar/allegro/5.2.2/lib,
				);
				PRODUCT_NAME = "$(TARGET_NAME)";
			};
			name = Release;
		};
/* End XCBuildConfiguration section */

/* Begin XCConfigurationList section */
		3C6E0DBB1D330F060066B870 /* Build configuration list for PBXProject "Ozcan vs Nebulus and the Towergoround" */ = {
			isa = XCConfigurationList;
			buildConfigurations = (
				3C6E0DC51D330F060066B870 /* Debug */,
				3C6E0DC61D330F060066B870 /* Release */,
			);
			defaultConfigurationIsVisible = 0;
			defaultConfigurationName = Release;
		};
		3C6E0DC71D330F060066B870 /* Build configuration list for PBXNativeTarget "Ozcan vs Nebulus and the Towergoround" */ = {
			isa = XCConfigurationList;
			buildConfigurations = (
				3C6E0DC81D330F060066B870 /* Debug */,
				3C6E0DC91D330F060066B870 /* Release */,
			);
			defaultConfigurationIsVisible = 0;
			defaultConfigurationName = Release;
		};
/* End XCConfigurationList section */
	};
	rootObject = 3C6E0DB81D330F060066B870 /* Project object */;
}
