Microsoft Visual Studio Solution File, Format Version 12.00
# Visual Studio Express 2012 for Windows Desktop
Project("{8BC9CEB8-8B4A-11D0-8D11-00A0C91BC942}") = "Ozcan vs Nebulus and the Towergoround", "Ozcan vs Nebulus and the Towergoround.vcxproj", "{BA2F01FF-1054-4872-AC89-02F51156B664}"
EndProject
Global
	GlobalSection(SolutionConfigurationPlatforms) = preSolution
		Debug|Win32 = Debug|Win32
		Release|Win32 = Release|Win32
	EndGlobalSection
	GlobalSection(ProjectConfigurationPlatforms) = postSolution
		{BA2F01FF-1054-4872-AC89-02F51156B664}.Debug|Win32.ActiveCfg = Debug|Win32
		{BA2F01FF-1054-4872-AC89-02F51156B664}.Debug|Win32.Build.0 = Debug|Win32
		{BA2F01FF-1054-4872-AC89-02F51156B664}.Release|Win32.ActiveCfg = Release|Win32
		{BA2F01FF-1054-4872-AC89-02F51156B664}.Release|Win32.Build.0 = Release|Win32
	EndGlobalSection
	GlobalSection(SolutionProperties) = preSolution
		HideSolutionNode = FALSE
	EndGlobalSection
EndGlobal
